// !$*UTF8*$!
{
	archiveVersion = 1;
	classes = {
	};
	objectVersion = 46;
	objects = {

/* Begin PBXBuildFile section */
		1D3623260D0F684500981E51 /* AppDelegate.m in Sources */ = {isa = PBXBuildFile; fileRef = 1D3623250D0F684500981E51 /* AppDelegate.m */; };
		1D60589B0D05DD56006BFB54 /* main.m in Sources */ = {isa = PBXBuildFile; fileRef = 29B97316FDCFA39411CA2CEA /* main.m */; };
		1D60589F0D05DD5A006BFB54 /* Foundation.framework in Frameworks */ = {isa = PBXBuildFile; fileRef = 1D30AB110D05D00D00671497 /* Foundation.framework */; };
		1DF5F4E00D08C38300B7A737 /* UIKit.framework in Frameworks */ = {isa = PBXBuildFile; fileRef = 1DF5F4DF0D08C38300B7A737 /* UIKit.framework */; settings = {ATTRIBUTES = (Weak, ); }; };
		1F766FE113BBADB100FB74C0 /* Localizable.strings in Resources */ = {isa = PBXBuildFile; fileRef = 1F766FDC13BBADB100FB74C0 /* Localizable.strings */; };
		1F766FE213BBADB100FB74C0 /* Localizable.strings in Resources */ = {isa = PBXBuildFile; fileRef = 1F766FDF13BBADB100FB74C0 /* Localizable.strings */; };
		288765FD0DF74451002DB57D /* CoreGraphics.framework in Frameworks */ = {isa = PBXBuildFile; fileRef = 288765FC0DF74451002DB57D /* CoreGraphics.framework */; };
		301BF552109A68D80062928A /* libCordova.a in Frameworks */ = {isa = PBXBuildFile; fileRef = 301BF535109A57CC0062928A /* libCordova.a */; };
		301BF5B5109A6A2B0062928A /* AddressBook.framework in Frameworks */ = {isa = PBXBuildFile; fileRef = 301BF5B4109A6A2B0062928A /* AddressBook.framework */; };
		301BF5B7109A6A2B0062928A /* AddressBookUI.framework in Frameworks */ = {isa = PBXBuildFile; fileRef = 301BF5B6109A6A2B0062928A /* AddressBookUI.framework */; };
		301BF5B9109A6A2B0062928A /* AudioToolbox.framework in Frameworks */ = {isa = PBXBuildFile; fileRef = 301BF5B8109A6A2B0062928A /* AudioToolbox.framework */; };
		301BF5BB109A6A2B0062928A /* AVFoundation.framework in Frameworks */ = {isa = PBXBuildFile; fileRef = 301BF5BA109A6A2B0062928A /* AVFoundation.framework */; settings = {ATTRIBUTES = (Weak, ); }; };
		301BF5BD109A6A2B0062928A /* CFNetwork.framework in Frameworks */ = {isa = PBXBuildFile; fileRef = 301BF5BC109A6A2B0062928A /* CFNetwork.framework */; };
		301BF5BF109A6A2B0062928A /* CoreLocation.framework in Frameworks */ = {isa = PBXBuildFile; fileRef = 301BF5BE109A6A2B0062928A /* CoreLocation.framework */; };
		301BF5C1109A6A2B0062928A /* MediaPlayer.framework in Frameworks */ = {isa = PBXBuildFile; fileRef = 301BF5C0109A6A2B0062928A /* MediaPlayer.framework */; };
		301BF5C3109A6A2B0062928A /* QuartzCore.framework in Frameworks */ = {isa = PBXBuildFile; fileRef = 301BF5C2109A6A2B0062928A /* QuartzCore.framework */; };
		301BF5C5109A6A2B0062928A /* SystemConfiguration.framework in Frameworks */ = {isa = PBXBuildFile; fileRef = 301BF5C4109A6A2B0062928A /* SystemConfiguration.framework */; };
		302D95F114D2391D003F00A1 /* MainViewController.m in Sources */ = {isa = PBXBuildFile; fileRef = 302D95EF14D2391D003F00A1 /* MainViewController.m */; };
		302D95F214D2391D003F00A1 /* MainViewController.xib in Resources */ = {isa = PBXBuildFile; fileRef = 302D95F014D2391D003F00A1 /* MainViewController.xib */; };
		305D5FD1115AB8F900A74A75 /* MobileCoreServices.framework in Frameworks */ = {isa = PBXBuildFile; fileRef = 305D5FD0115AB8F900A74A75 /* MobileCoreServices.framework */; };
		3072F99713A8081B00425683 /* Capture.bundle in Resources */ = {isa = PBXBuildFile; fileRef = 3072F99613A8081B00425683 /* Capture.bundle */; };
		3088BBBD154F3926009F9C59 /* Default-Landscape@2x~ipad.png in Resources */ = {isa = PBXBuildFile; fileRef = 3088BBB7154F3926009F9C59 /* Default-Landscape@2x~ipad.png */; };
		3088BBBE154F3926009F9C59 /* Default-Landscape~ipad.png in Resources */ = {isa = PBXBuildFile; fileRef = 3088BBB8154F3926009F9C59 /* Default-Landscape~ipad.png */; };
		3088BBBF154F3926009F9C59 /* Default-Portrait@2x~ipad.png in Resources */ = {isa = PBXBuildFile; fileRef = 3088BBB9154F3926009F9C59 /* Default-Portrait@2x~ipad.png */; };
		3088BBC0154F3926009F9C59 /* Default-Portrait~ipad.png in Resources */ = {isa = PBXBuildFile; fileRef = 3088BBBA154F3926009F9C59 /* Default-Portrait~ipad.png */; };
		3088BBC1154F3926009F9C59 /* Default@2x~iphone.png in Resources */ = {isa = PBXBuildFile; fileRef = 3088BBBB154F3926009F9C59 /* Default@2x~iphone.png */; };
		3088BBC2154F3926009F9C59 /* Default~iphone.png in Resources */ = {isa = PBXBuildFile; fileRef = 3088BBBC154F3926009F9C59 /* Default~iphone.png */; };
		308D05371370CCF300D202BF /* icon-72.png in Resources */ = {isa = PBXBuildFile; fileRef = 308D052E1370CCF300D202BF /* icon-72.png */; };
		308D05381370CCF300D202BF /* icon.png in Resources */ = {isa = PBXBuildFile; fileRef = 308D052F1370CCF300D202BF /* icon.png */; };
		308D05391370CCF300D202BF /* icon@2x.png in Resources */ = {isa = PBXBuildFile; fileRef = 308D05301370CCF300D202BF /* icon@2x.png */; };
		30A0434814DC770100060A13 /* Localizable.strings in Resources */ = {isa = PBXBuildFile; fileRef = 30A0434314DC770100060A13 /* Localizable.strings */; };
		30A0434914DC770100060A13 /* Localizable.strings in Resources */ = {isa = PBXBuildFile; fileRef = 30A0434614DC770100060A13 /* Localizable.strings */; };
		30E5649213A7FCAF007403D8 /* CoreMedia.framework in Frameworks */ = {isa = PBXBuildFile; fileRef = 30E5649113A7FCAF007403D8 /* CoreMedia.framework */; settings = {ATTRIBUTES = (Weak, ); }; };
		30FC414916E50CA1004E6F35 /* icon-72@2x.png in Resources */ = {isa = PBXBuildFile; fileRef = 30FC414816E50CA1004E6F35 /* icon-72@2x.png */; };
		5B1594DD16A7569C00FEF299 /* AssetsLibrary.framework in Frameworks */ = {isa = PBXBuildFile; fileRef = 5B1594DC16A7569C00FEF299 /* AssetsLibrary.framework */; };
		B0A068661759B2CE006AF42F /* cordova-2.6.0.js in Sources */ = {isa = PBXBuildFile; fileRef = B0A0681F1759B2CE006AF42F /* cordova-2.6.0.js */; };
		B0A068671759B2CE006AF42F /* index.css in Resources */ = {isa = PBXBuildFile; fileRef = B0A068211759B2CE006AF42F /* index.css */; };
		B0A068681759B2CE006AF42F /* 1.jpg in Resources */ = {isa = PBXBuildFile; fileRef = B0A068231759B2CE006AF42F /* 1.jpg */; };
		B0A068691759B2CE006AF42F /* 1a.png in Resources */ = {isa = PBXBuildFile; fileRef = B0A068241759B2CE006AF42F /* 1a.png */; };
		B0A0686A1759B2CE006AF42F /* 1b.png in Resources */ = {isa = PBXBuildFile; fileRef = B0A068251759B2CE006AF42F /* 1b.png */; };
		B0A0686B1759B2CE006AF42F /* 1c.png in Resources */ = {isa = PBXBuildFile; fileRef = B0A068261759B2CE006AF42F /* 1c.png */; };
		B0A0686C1759B2CE006AF42F /* 1d.png in Resources */ = {isa = PBXBuildFile; fileRef = B0A068271759B2CE006AF42F /* 1d.png */; };
		B0A068711759B2CE006AF42F /* button.png in Resources */ = {isa = PBXBuildFile; fileRef = B0A0682C1759B2CE006AF42F /* button.png */; };
		B0A068741759B2CE006AF42F /* tiger bg.png in Resources */ = {isa = PBXBuildFile; fileRef = B0A0682F1759B2CE006AF42F /* tiger bg.png */; };
		B0A068751759B2CE006AF42F /* tiger image.png in Resources */ = {isa = PBXBuildFile; fileRef = B0A068301759B2CE006AF42F /* tiger image.png */; };
		B0A068761759B2CE006AF42F /* index.html in Resources */ = {isa = PBXBuildFile; fileRef = B0A068311759B2CE006AF42F /* index.html */; };
		B0A068771759B2CE006AF42F /* config.js in Sources */ = {isa = PBXBuildFile; fileRef = B0A068331759B2CE006AF42F /* config.js */; };
		B0A068781759B2CE006AF42F /* hammer.js in Sources */ = {isa = PBXBuildFile; fileRef = B0A068341759B2CE006AF42F /* hammer.js */; };
		B0A068791759B2CE006AF42F /* home.txt in Resources */ = {isa = PBXBuildFile; fileRef = B0A068351759B2CE006AF42F /* home.txt */; };
		B0A0687A1759B2CE006AF42F /* index.js in Sources */ = {isa = PBXBuildFile; fileRef = B0A068361759B2CE006AF42F /* index.js */; };
		B0A0687B1759B2CE006AF42F /* jquery-ui.min.js in Sources */ = {isa = PBXBuildFile; fileRef = B0A068371759B2CE006AF42F /* jquery-ui.min.js */; };
		B0A0687C1759B2CE006AF42F /* jquery.min.js in Sources */ = {isa = PBXBuildFile; fileRef = B0A068381759B2CE006AF42F /* jquery.min.js */; };
		B0A0687D1759B2CE006AF42F /* jquery.transit.js in Sources */ = {isa = PBXBuildFile; fileRef = B0A068391759B2CE006AF42F /* jquery.transit.js */; };
		B0A0687E1759B2CE006AF42F /* less-1.3.0.min.js in Sources */ = {isa = PBXBuildFile; fileRef = B0A0683A1759B2CE006AF42F /* less-1.3.0.min.js */; };
		B0A0687F1759B2CE006AF42F /* memory.js in Sources */ = {isa = PBXBuildFile; fileRef = B0A0683B1759B2CE006AF42F /* memory.js */; };
		B0A068801759B2CE006AF42F /* page.js in Sources */ = {isa = PBXBuildFile; fileRef = B0A0683C1759B2CE006AF42F /* page.js */; };
		B0A068811759B2CE006AF42F /* paiting.js in Sources */ = {isa = PBXBuildFile; fileRef = B0A0683D1759B2CE006AF42F /* paiting.js */; };
		B0A068821759B2CE006AF42F /* puzzle.js in Sources */ = {isa = PBXBuildFile; fileRef = B0A0683E1759B2CE006AF42F /* puzzle.js */; };
		B0A068831759B2CE006AF42F /* screen1.txt in Resources */ = {isa = PBXBuildFile; fileRef = B0A0683F1759B2CE006AF42F /* screen1.txt */; };
		B0A068841759B2CE006AF42F /* screen2.txt in Resources */ = {isa = PBXBuildFile; fileRef = B0A068401759B2CE006AF42F /* screen2.txt */; };
		B0A068851759B2CE006AF42F /* screen3.txt in Resources */ = {isa = PBXBuildFile; fileRef = B0A068411759B2CE006AF42F /* screen3.txt */; };
		B0A068861759B2CE006AF42F /* screen4.txt in Resources */ = {isa = PBXBuildFile; fileRef = B0A068421759B2CE006AF42F /* screen4.txt */; };
		B0A068871759B2CE006AF42F /* screen5.txt in Resources */ = {isa = PBXBuildFile; fileRef = B0A068431759B2CE006AF42F /* screen5.txt */; };
		B0A068881759B2CE006AF42F /* screen6.txt in Resources */ = {isa = PBXBuildFile; fileRef = B0A068441759B2CE006AF42F /* screen6.txt */; };
		B0A068891759B2CE006AF42F /* screen7.txt in Resources */ = {isa = PBXBuildFile; fileRef = B0A068451759B2CE006AF42F /* screen7.txt */; };
		B0A0688A1759B2CE006AF42F /* sound.js in Sources */ = {isa = PBXBuildFile; fileRef = B0A068461759B2CE006AF42F /* sound.js */; };
		B0A0688C1759B2CE006AF42F /* touchpunch.js in Sources */ = {isa = PBXBuildFile; fileRef = B0A068481759B2CE006AF42F /* touchpunch.js */; };
		B0A0688D1759B2CE006AF42F /* touchpunch.min.js in Sources */ = {isa = PBXBuildFile; fileRef = B0A068491759B2CE006AF42F /* touchpunch.min.js */; };
		B0A0688E1759B2CE006AF42F /* underscore.js in Sources */ = {isa = PBXBuildFile; fileRef = B0A0684A1759B2CE006AF42F /* underscore.js */; };
		B0A0688F1759B2CE006AF42F /* icon-57-2x.png in Resources */ = {isa = PBXBuildFile; fileRef = B0A0684E1759B2CE006AF42F /* icon-57-2x.png */; };
		B0A068901759B2CE006AF42F /* icon-57.png in Resources */ = {isa = PBXBuildFile; fileRef = B0A0684F1759B2CE006AF42F /* icon-57.png */; };
		B0A068911759B2CE006AF42F /* icon-72-2x.png in Resources */ = {isa = PBXBuildFile; fileRef = B0A068501759B2CE006AF42F /* icon-72-2x.png */; };
		B0A068921759B2CE006AF42F /* icon-72.png in Resources */ = {isa = PBXBuildFile; fileRef = B0A068511759B2CE006AF42F /* icon-72.png */; };
		B0A068931759B2CE006AF42F /* screen-ipad-landscape-2x.png in Resources */ = {isa = PBXBuildFile; fileRef = B0A068541759B2CE006AF42F /* screen-ipad-landscape-2x.png */; };
		B0A068941759B2CE006AF42F /* screen-ipad-landscape.png in Resources */ = {isa = PBXBuildFile; fileRef = B0A068551759B2CE006AF42F /* screen-ipad-landscape.png */; };
		B0A068951759B2CE006AF42F /* screen-ipad-portrait-2x.png in Resources */ = {isa = PBXBuildFile; fileRef = B0A068561759B2CE006AF42F /* screen-ipad-portrait-2x.png */; };
		B0A068961759B2CE006AF42F /* screen-ipad-portrait.png in Resources */ = {isa = PBXBuildFile; fileRef = B0A068571759B2CE006AF42F /* screen-ipad-portrait.png */; };
		B0A068971759B2CE006AF42F /* screen-iphone-landscape-2x.png in Resources */ = {isa = PBXBuildFile; fileRef = B0A068581759B2CE006AF42F /* screen-iphone-landscape-2x.png */; };
		B0A068981759B2CE006AF42F /* screen-iphone-landscape.png in Resources */ = {isa = PBXBuildFile; fileRef = B0A068591759B2CE006AF42F /* screen-iphone-landscape.png */; };
		B0A068991759B2CE006AF42F /* screen-iphone-portrait-2x.png in Resources */ = {isa = PBXBuildFile; fileRef = B0A0685A1759B2CE006AF42F /* screen-iphone-portrait-2x.png */; };
		B0A0689A1759B2CE006AF42F /* screen-iphone-portrait.png in Resources */ = {isa = PBXBuildFile; fileRef = B0A0685B1759B2CE006AF42F /* screen-iphone-portrait.png */; };
		B0A0689B1759B2CE006AF42F /* helper.js in Sources */ = {isa = PBXBuildFile; fileRef = B0A0685D1759B2CE006AF42F /* helper.js */; };
		B0A0689C1759B2CE006AF42F /* index.js in Sources */ = {isa = PBXBuildFile; fileRef = B0A0685E1759B2CE006AF42F /* index.js */; };
		B0A0689D1759B2CE006AF42F /* jasmine-html.js in Sources */ = {isa = PBXBuildFile; fileRef = B0A068611759B2CE006AF42F /* jasmine-html.js */; };
		B0A0689E1759B2CE006AF42F /* jasmine.css in Resources */ = {isa = PBXBuildFile; fileRef = B0A068621759B2CE006AF42F /* jasmine.css */; };
		B0A0689F1759B2CE006AF42F /* jasmine.js in Sources */ = {isa = PBXBuildFile; fileRef = B0A068631759B2CE006AF42F /* jasmine.js */; };
		B0A068A01759B2CE006AF42F /* MIT.LICENSE in Resources */ = {isa = PBXBuildFile; fileRef = B0A068641759B2CE006AF42F /* MIT.LICENSE */; };
		B0A068A11759B2CE006AF42F /* spec.html in Resources */ = {isa = PBXBuildFile; fileRef = B0A068651759B2CE006AF42F /* spec.html */; };
		B0A068A71759B4FC006AF42F /* logo.png in Resources */ = {isa = PBXBuildFile; fileRef = B0A068A61759B4FC006AF42F /* logo.png */; };
		B0A068F41759C426006AF42F /* 1-airplain.png in Resources */ = {isa = PBXBuildFile; fileRef = B0A068AB1759C426006AF42F /* 1-airplain.png */; };
		B0A068F51759C426006AF42F /* 1-arrow-left-brown.png in Resources */ = {isa = PBXBuildFile; fileRef = B0A068AC1759C426006AF42F /* 1-arrow-left-brown.png */; };
		B0A068F61759C426006AF42F /* 1-arrow-left-cyan.png in Resources */ = {isa = PBXBuildFile; fileRef = B0A068AD1759C426006AF42F /* 1-arrow-left-cyan.png */; };
		B0A068F71759C426006AF42F /* 1-arrow-left-light.png in Resources */ = {isa = PBXBuildFile; fileRef = B0A068AE1759C426006AF42F /* 1-arrow-left-light.png */; };
		B0A068F81759C426006AF42F /* 1-arrow-right-brown.png in Resources */ = {isa = PBXBuildFile; fileRef = B0A068AF1759C426006AF42F /* 1-arrow-right-brown.png */; };
		B0A068F91759C426006AF42F /* 1-arrow-right-cyan.png in Resources */ = {isa = PBXBuildFile; fileRef = B0A068B01759C426006AF42F /* 1-arrow-right-cyan.png */; };
		B0A068FA1759C426006AF42F /* 1-arrow-right-light.png in Resources */ = {isa = PBXBuildFile; fileRef = B0A068B11759C426006AF42F /* 1-arrow-right-light.png */; };
		B0A068FB1759C426006AF42F /* 1-background.png in Resources */ = {isa = PBXBuildFile; fileRef = B0A068B21759C426006AF42F /* 1-background.png */; };
		B0A068FC1759C426006AF42F /* 1-balon.png in Resources */ = {isa = PBXBuildFile; fileRef = B0A068B31759C426006AF42F /* 1-balon.png */; };
		B0A068FD1759C426006AF42F /* 1-cloud.png in Resources */ = {isa = PBXBuildFile; fileRef = B0A068B41759C426006AF42F /* 1-cloud.png */; };
		B0A068FE1759C426006AF42F /* 1-memory.png in Resources */ = {isa = PBXBuildFile; fileRef = B0A068B51759C426006AF42F /* 1-memory.png */; };
		B0A068FF1759C426006AF42F /* 1-mute.png in Resources */ = {isa = PBXBuildFile; fileRef = B0A068B61759C426006AF42F /* 1-mute.png */; };
		B0A069001759C426006AF42F /* 1-mutes.png in Resources */ = {isa = PBXBuildFile; fileRef = B0A068B71759C426006AF42F /* 1-mutes.png */; };
		B0A069011759C426006AF42F /* 1-painting.png in Resources */ = {isa = PBXBuildFile; fileRef = B0A068B81759C426006AF42F /* 1-painting.png */; };
		B0A069021759C426006AF42F /* 1-purchase.png in Resources */ = {isa = PBXBuildFile; fileRef = B0A068B91759C426006AF42F /* 1-purchase.png */; };
		B0A069031759C426006AF42F /* 1-puzzle.png in Resources */ = {isa = PBXBuildFile; fileRef = B0A068BA1759C426006AF42F /* 1-puzzle.png */; };
		B0A069041759C426006AF42F /* 1-sounds.png in Resources */ = {isa = PBXBuildFile; fileRef = B0A068BB1759C426006AF42F /* 1-sounds.png */; };
		B0A069051759C426006AF42F /* 1-sun.png in Resources */ = {isa = PBXBuildFile; fileRef = B0A068BC1759C426006AF42F /* 1-sun.png */; };
		B0A069061759C426006AF42F /* áâöÖãâç-34.png in Resources */ = {isa = PBXBuildFile; fileRef = B0A068BD1759C426006AF42F /* áâöÖãâç-34.png */; };
		B0A069071759C426006AF42F /* áâöÖãâç-35.png in Resources */ = {isa = PBXBuildFile; fileRef = B0A068BE1759C426006AF42F /* áâöÖãâç-35.png */; };
		B0A069081759C426006AF42F /* éëãâç åÄîåâóñâÑ-05.png in Resources */ = {isa = PBXBuildFile; fileRef = B0A068BF1759C426006AF42F /* éëãâç åÄîåâóñâÑ-05.png */; };
		B0A069091759C426006AF42F /* 2-background.png in Resources */ = {isa = PBXBuildFile; fileRef = B0A068C11759C426006AF42F /* 2-background.png */; };
		B0A0690A1759C426006AF42F /* 2-card.png in Resources */ = {isa = PBXBuildFile; fileRef = B0A068C21759C426006AF42F /* 2-card.png */; };
		B0A0690B1759C426006AF42F /* 2-cloud-1.png in Resources */ = {isa = PBXBuildFile; fileRef = B0A068C31759C426006AF42F /* 2-cloud-1.png */; };
		B0A0690C1759C426006AF42F /* 2-cloud-2.png in Resources */ = {isa = PBXBuildFile; fileRef = B0A068C41759C426006AF42F /* 2-cloud-2.png */; };
		B0A0690D1759C426006AF42F /* 2-moon.png in Resources */ = {isa = PBXBuildFile; fileRef = B0A068C51759C426006AF42F /* 2-moon.png */; };
		B0A0690E1759C426006AF42F /* áâöÖãâç-38.png in Resources */ = {isa = PBXBuildFile; fileRef = B0A068C61759C426006AF42F /* áâöÖãâç-38.png */; };
		B0A0690F1759C426006AF42F /* áâöÖãâç-39.png in Resources */ = {isa = PBXBuildFile; fileRef = B0A068C71759C426006AF42F /* áâöÖãâç-39.png */; };
		B0A069101759C426006AF42F /* áâöÖãâç-40.png in Resources */ = {isa = PBXBuildFile; fileRef = B0A068C81759C426006AF42F /* áâöÖãâç-40.png */; };
		B0A069111759C426006AF42F /* áâöÖãâç-41.png in Resources */ = {isa = PBXBuildFile; fileRef = B0A068C91759C426006AF42F /* áâöÖãâç-41.png */; };
		B0A069121759C426006AF42F /* éëãâç åÄîåâóñâÑ-03.png in Resources */ = {isa = PBXBuildFile; fileRef = B0A068CA1759C426006AF42F /* éëãâç åÄîåâóñâÑ-03.png */; };
		B0A069131759C426006AF42F /* 3-background.png in Resources */ = {isa = PBXBuildFile; fileRef = B0A068CC1759C426006AF42F /* 3-background.png */; };
		B0A069141759C426006AF42F /* 3-tree-1.png in Resources */ = {isa = PBXBuildFile; fileRef = B0A068CD1759C426006AF42F /* 3-tree-1.png */; };
		B0A069151759C426006AF42F /* 3-tree-2.png in Resources */ = {isa = PBXBuildFile; fileRef = B0A068CE1759C426006AF42F /* 3-tree-2.png */; };
		B0A069161759C426006AF42F /* éëãâç åÄîåâóñâÑ-01.png in Resources */ = {isa = PBXBuildFile; fileRef = B0A068CF1759C426006AF42F /* éëãâç åÄîåâóñâÑ-01.png */; };
		B0A069171759C426006AF42F /* 4-background.png in Resources */ = {isa = PBXBuildFile; fileRef = B0A068D11759C426006AF42F /* 4-background.png */; };
		B0A069181759C426006AF42F /* 4-cissors.png in Resources */ = {isa = PBXBuildFile; fileRef = B0A068D21759C426006AF42F /* 4-cissors.png */; };
		B0A069191759C426006AF42F /* 4-clips.png in Resources */ = {isa = PBXBuildFile; fileRef = B0A068D31759C426006AF42F /* 4-clips.png */; };
		B0A0691A1759C426006AF42F /* 4-eraser.png in Resources */ = {isa = PBXBuildFile; fileRef = B0A068D41759C426006AF42F /* 4-eraser.png */; };
		B0A0691B1759C426006AF42F /* 4-pen-1.png in Resources */ = {isa = PBXBuildFile; fileRef = B0A068D51759C426006AF42F /* 4-pen-1.png */; };
		B0A0691C1759C426006AF42F /* 4-pen-2.png in Resources */ = {isa = PBXBuildFile; fileRef = B0A068D61759C426006AF42F /* 4-pen-2.png */; };
		B0A0691D1759C426006AF42F /* 4-pen-3.png in Resources */ = {isa = PBXBuildFile; fileRef = B0A068D71759C426006AF42F /* 4-pen-3.png */; };
		B0A0691E1759C426006AF42F /* 4-sizer.png in Resources */ = {isa = PBXBuildFile; fileRef = B0A068D81759C426006AF42F /* 4-sizer.png */; };
		B0A0691F1759C426006AF42F /* áâöÖãâç-20.png in Resources */ = {isa = PBXBuildFile; fileRef = B0A068D91759C426006AF42F /* áâöÖãâç-20.png */; };
		B0A069201759C426006AF42F /* éëãâç åÄîåâóñâÑ-04.png in Resources */ = {isa = PBXBuildFile; fileRef = B0A068DA1759C426006AF42F /* éëãâç åÄîåâóñâÑ-04.png */; };
		B0A069211759C426006AF42F /* 5-background.png in Resources */ = {isa = PBXBuildFile; fileRef = B0A068DC1759C426006AF42F /* 5-background.png */; };
		B0A069221759C426006AF42F /* 5-black.png in Resources */ = {isa = PBXBuildFile; fileRef = B0A068DD1759C426006AF42F /* 5-black.png */; };
		B0A069231759C426006AF42F /* 5-blue.png in Resources */ = {isa = PBXBuildFile; fileRef = B0A068DE1759C426006AF42F /* 5-blue.png */; };
		B0A069241759C426006AF42F /* 5-flach-blue.png in Resources */ = {isa = PBXBuildFile; fileRef = B0A068DF1759C426006AF42F /* 5-flach-blue.png */; };
		B0A069251759C426006AF42F /* 5-flach-cyan.png in Resources */ = {isa = PBXBuildFile; fileRef = B0A068E01759C426006AF42F /* 5-flach-cyan.png */; };
		B0A069261759C426006AF42F /* 5-flach-green-2.png in Resources */ = {isa = PBXBuildFile; fileRef = B0A068E11759C426006AF42F /* 5-flach-green-2.png */; };
		B0A069271759C426006AF42F /* 5-flach-green.png in Resources */ = {isa = PBXBuildFile; fileRef = B0A068E21759C426006AF42F /* 5-flach-green.png */; };
		B0A069281759C426006AF42F /* 5-flach-orange.png in Resources */ = {isa = PBXBuildFile; fileRef = B0A068E31759C426006AF42F /* 5-flach-orange.png */; };
		B0A069291759C426006AF42F /* 5-flach-red.png in Resources */ = {isa = PBXBuildFile; fileRef = B0A068E41759C426006AF42F /* 5-flach-red.png */; };
		B0A0692A1759C426006AF42F /* 5-green.png in Resources */ = {isa = PBXBuildFile; fileRef = B0A068E51759C426006AF42F /* 5-green.png */; };
		B0A0692B1759C426006AF42F /* 5-pink.png in Resources */ = {isa = PBXBuildFile; fileRef = B0A068E61759C426006AF42F /* 5-pink.png */; };
		B0A0692C1759C426006AF42F /* 5-purple.png in Resources */ = {isa = PBXBuildFile; fileRef = B0A068E71759C426006AF42F /* 5-purple.png */; };
		B0A0692D1759C426006AF42F /* 5-red.png in Resources */ = {isa = PBXBuildFile; fileRef = B0A068E81759C426006AF42F /* 5-red.png */; };
		B0A0692E1759C426006AF42F /* 5-white.png in Resources */ = {isa = PBXBuildFile; fileRef = B0A068E91759C426006AF42F /* 5-white.png */; };
		B0A0692F1759C426006AF42F /* 5-yellow.png in Resources */ = {isa = PBXBuildFile; fileRef = B0A068EA1759C426006AF42F /* 5-yellow.png */; };
		B0A069301759C426006AF42F /* éëãâç åÄîåâóñâÑ-02.png in Resources */ = {isa = PBXBuildFile; fileRef = B0A068EB1759C426006AF42F /* éëãâç åÄîåâóñâÑ-02.png */; };
		B0A069331759C426006AF42F /* éëãâç åÄîåâóñâÑ-08.png in Resources */ = {isa = PBXBuildFile; fileRef = B0A068F01759C426006AF42F /* éëãâç åÄîåâóñâÑ-08.png */; };
		B0A069341759C426006AF42F /* purchase-background.png in Resources */ = {isa = PBXBuildFile; fileRef = B0A068F11759C426006AF42F /* purchase-background.png */; };
		B0A069351759C426006AF42F /* purchase-button.png in Resources */ = {isa = PBXBuildFile; fileRef = B0A068F21759C426006AF42F /* purchase-button.png */; };
		B0A069361759C426006AF42F /* purchase-image.png in Resources */ = {isa = PBXBuildFile; fileRef = B0A068F31759C426006AF42F /* purchase-image.png */; };
		D4A0D8761607E02300AEF8BB /* Default-568h@2x~iphone.png in Resources */ = {isa = PBXBuildFile; fileRef = D4A0D8751607E02300AEF8BB /* Default-568h@2x~iphone.png */; };
		F840E1F1165FE0F500CFE078 /* config.xml in Resources */ = {isa = PBXBuildFile; fileRef = F840E1F0165FE0F500CFE078 /* config.xml */; };
/* End PBXBuildFile section */

/* Begin PBXContainerItemProxy section */
		301BF534109A57CC0062928A /* PBXContainerItemProxy */ = {
			isa = PBXContainerItemProxy;
			containerPortal = 301BF52D109A57CC0062928A /* CordovaLib.xcodeproj */;
			proxyType = 2;
			remoteGlobalIDString = D2AAC07E0554694100DB518D;
			remoteInfo = CordovaLib;
		};
		301BF550109A68C00062928A /* PBXContainerItemProxy */ = {
			isa = PBXContainerItemProxy;
			containerPortal = 301BF52D109A57CC0062928A /* CordovaLib.xcodeproj */;
			proxyType = 1;
			remoteGlobalIDString = D2AAC07D0554694100DB518D;
			remoteInfo = CordovaLib;
		};
/* End PBXContainerItemProxy section */

/* Begin PBXFileReference section */
		1D30AB110D05D00D00671497 /* Foundation.framework */ = {isa = PBXFileReference; lastKnownFileType = wrapper.framework; name = Foundation.framework; path = System/Library/Frameworks/Foundation.framework; sourceTree = SDKROOT; };
		1D3623240D0F684500981E51 /* AppDelegate.h */ = {isa = PBXFileReference; fileEncoding = 4; lastKnownFileType = sourcecode.c.h; path = AppDelegate.h; sourceTree = "<group>"; };
		1D3623250D0F684500981E51 /* AppDelegate.m */ = {isa = PBXFileReference; fileEncoding = 4; lastKnownFileType = sourcecode.c.objc; path = AppDelegate.m; sourceTree = "<group>"; };
		1D6058910D05DD3D006BFB54 /* babygame.app */ = {isa = PBXFileReference; explicitFileType = wrapper.application; includeInIndex = 0; path = babygame.app; sourceTree = BUILT_PRODUCTS_DIR; };
		1DF5F4DF0D08C38300B7A737 /* UIKit.framework */ = {isa = PBXFileReference; lastKnownFileType = wrapper.framework; name = UIKit.framework; path = System/Library/Frameworks/UIKit.framework; sourceTree = SDKROOT; };
		1F766FDD13BBADB100FB74C0 /* en */ = {isa = PBXFileReference; lastKnownFileType = text.plist.strings; name = en; path = Localizable.strings; sourceTree = "<group>"; };
		1F766FE013BBADB100FB74C0 /* es */ = {isa = PBXFileReference; lastKnownFileType = text.plist.strings; name = es; path = Localizable.strings; sourceTree = "<group>"; };
		288765FC0DF74451002DB57D /* CoreGraphics.framework */ = {isa = PBXFileReference; lastKnownFileType = wrapper.framework; name = CoreGraphics.framework; path = System/Library/Frameworks/CoreGraphics.framework; sourceTree = SDKROOT; };
		29B97316FDCFA39411CA2CEA /* main.m */ = {isa = PBXFileReference; fileEncoding = 4; lastKnownFileType = sourcecode.c.objc; path = main.m; sourceTree = "<group>"; };
		301BF52D109A57CC0062928A /* CordovaLib.xcodeproj */ = {isa = PBXFileReference; lastKnownFileType = "wrapper.pb-project"; name = CordovaLib.xcodeproj; path = CordovaLib/CordovaLib.xcodeproj; sourceTree = "<group>"; };
		301BF5B4109A6A2B0062928A /* AddressBook.framework */ = {isa = PBXFileReference; lastKnownFileType = wrapper.framework; name = AddressBook.framework; path = System/Library/Frameworks/AddressBook.framework; sourceTree = SDKROOT; };
		301BF5B6109A6A2B0062928A /* AddressBookUI.framework */ = {isa = PBXFileReference; lastKnownFileType = wrapper.framework; name = AddressBookUI.framework; path = System/Library/Frameworks/AddressBookUI.framework; sourceTree = SDKROOT; };
		301BF5B8109A6A2B0062928A /* AudioToolbox.framework */ = {isa = PBXFileReference; lastKnownFileType = wrapper.framework; name = AudioToolbox.framework; path = System/Library/Frameworks/AudioToolbox.framework; sourceTree = SDKROOT; };
		301BF5BA109A6A2B0062928A /* AVFoundation.framework */ = {isa = PBXFileReference; lastKnownFileType = wrapper.framework; name = AVFoundation.framework; path = System/Library/Frameworks/AVFoundation.framework; sourceTree = SDKROOT; };
		301BF5BC109A6A2B0062928A /* CFNetwork.framework */ = {isa = PBXFileReference; lastKnownFileType = wrapper.framework; name = CFNetwork.framework; path = System/Library/Frameworks/CFNetwork.framework; sourceTree = SDKROOT; };
		301BF5BE109A6A2B0062928A /* CoreLocation.framework */ = {isa = PBXFileReference; lastKnownFileType = wrapper.framework; name = CoreLocation.framework; path = System/Library/Frameworks/CoreLocation.framework; sourceTree = SDKROOT; };
		301BF5C0109A6A2B0062928A /* MediaPlayer.framework */ = {isa = PBXFileReference; lastKnownFileType = wrapper.framework; name = MediaPlayer.framework; path = System/Library/Frameworks/MediaPlayer.framework; sourceTree = SDKROOT; };
		301BF5C2109A6A2B0062928A /* QuartzCore.framework */ = {isa = PBXFileReference; lastKnownFileType = wrapper.framework; name = QuartzCore.framework; path = System/Library/Frameworks/QuartzCore.framework; sourceTree = SDKROOT; };
		301BF5C4109A6A2B0062928A /* SystemConfiguration.framework */ = {isa = PBXFileReference; lastKnownFileType = wrapper.framework; name = SystemConfiguration.framework; path = System/Library/Frameworks/SystemConfiguration.framework; sourceTree = SDKROOT; };
		302D95EE14D2391D003F00A1 /* MainViewController.h */ = {isa = PBXFileReference; fileEncoding = 4; lastKnownFileType = sourcecode.c.h; path = MainViewController.h; sourceTree = "<group>"; };
		302D95EF14D2391D003F00A1 /* MainViewController.m */ = {isa = PBXFileReference; fileEncoding = 4; lastKnownFileType = sourcecode.c.objc; path = MainViewController.m; sourceTree = "<group>"; };
		302D95F014D2391D003F00A1 /* MainViewController.xib */ = {isa = PBXFileReference; fileEncoding = 4; lastKnownFileType = file.xib; path = MainViewController.xib; sourceTree = "<group>"; };
		305D5FD0115AB8F900A74A75 /* MobileCoreServices.framework */ = {isa = PBXFileReference; lastKnownFileType = wrapper.framework; name = MobileCoreServices.framework; path = System/Library/Frameworks/MobileCoreServices.framework; sourceTree = SDKROOT; };
		3072F99613A8081B00425683 /* Capture.bundle */ = {isa = PBXFileReference; lastKnownFileType = "wrapper.plug-in"; path = Capture.bundle; sourceTree = "<group>"; };
		3088BBB7154F3926009F9C59 /* Default-Landscape@2x~ipad.png */ = {isa = PBXFileReference; lastKnownFileType = image.png; path = "Default-Landscape@2x~ipad.png"; sourceTree = "<group>"; };
		3088BBB8154F3926009F9C59 /* Default-Landscape~ipad.png */ = {isa = PBXFileReference; lastKnownFileType = image.png; path = "Default-Landscape~ipad.png"; sourceTree = "<group>"; };
		3088BBB9154F3926009F9C59 /* Default-Portrait@2x~ipad.png */ = {isa = PBXFileReference; lastKnownFileType = image.png; path = "Default-Portrait@2x~ipad.png"; sourceTree = "<group>"; };
		3088BBBA154F3926009F9C59 /* Default-Portrait~ipad.png */ = {isa = PBXFileReference; lastKnownFileType = image.png; path = "Default-Portrait~ipad.png"; sourceTree = "<group>"; };
		3088BBBB154F3926009F9C59 /* Default@2x~iphone.png */ = {isa = PBXFileReference; lastKnownFileType = image.png; path = "Default@2x~iphone.png"; sourceTree = "<group>"; };
		3088BBBC154F3926009F9C59 /* Default~iphone.png */ = {isa = PBXFileReference; lastKnownFileType = image.png; path = "Default~iphone.png"; sourceTree = "<group>"; };
		308D052E1370CCF300D202BF /* icon-72.png */ = {isa = PBXFileReference; lastKnownFileType = image.png; path = "icon-72.png"; sourceTree = "<group>"; };
		308D052F1370CCF300D202BF /* icon.png */ = {isa = PBXFileReference; lastKnownFileType = image.png; path = icon.png; sourceTree = "<group>"; };
		308D05301370CCF300D202BF /* icon@2x.png */ = {isa = PBXFileReference; lastKnownFileType = image.png; path = "icon@2x.png"; sourceTree = "<group>"; };
		30A0434414DC770100060A13 /* de */ = {isa = PBXFileReference; lastKnownFileType = text.plist.strings; name = de; path = Localizable.strings; sourceTree = "<group>"; };
		30A0434714DC770100060A13 /* se */ = {isa = PBXFileReference; lastKnownFileType = text.plist.strings; name = se; path = Localizable.strings; sourceTree = "<group>"; };
		30E5649113A7FCAF007403D8 /* CoreMedia.framework */ = {isa = PBXFileReference; lastKnownFileType = wrapper.framework; name = CoreMedia.framework; path = System/Library/Frameworks/CoreMedia.framework; sourceTree = SDKROOT; };
		30FC414816E50CA1004E6F35 /* icon-72@2x.png */ = {isa = PBXFileReference; lastKnownFileType = image.png; path = "icon-72@2x.png"; sourceTree = "<group>"; };
		32CA4F630368D1EE00C91783 /* babygame-Prefix.pch */ = {isa = PBXFileReference; fileEncoding = 4; lastKnownFileType = sourcecode.c.h; path = "babygame-Prefix.pch"; sourceTree = "<group>"; };
		5B1594DC16A7569C00FEF299 /* AssetsLibrary.framework */ = {isa = PBXFileReference; lastKnownFileType = wrapper.framework; name = AssetsLibrary.framework; path = System/Library/Frameworks/AssetsLibrary.framework; sourceTree = SDKROOT; };
		8D1107310486CEB800E47090 /* babygame-Info.plist */ = {isa = PBXFileReference; fileEncoding = 4; lastKnownFileType = text.plist.xml; name = "babygame-Info.plist"; path = "../babygame-Info.plist"; plistStructureDefinitionIdentifier = "com.apple.xcode.plist.structure-definition.iphone.info-plist"; sourceTree = "<group>"; };
		B0A0681F1759B2CE006AF42F /* cordova-2.6.0.js */ = {isa = PBXFileReference; fileEncoding = 4; lastKnownFileType = sourcecode.javascript; path = "cordova-2.6.0.js"; sourceTree = "<group>"; };
		B0A068211759B2CE006AF42F /* index.css */ = {isa = PBXFileReference; fileEncoding = 4; lastKnownFileType = text.css; path = index.css; sourceTree = "<group>"; };
		B0A068231759B2CE006AF42F /* 1.jpg */ = {isa = PBXFileReference; lastKnownFileType = image.jpeg; path = 1.jpg; sourceTree = "<group>"; };
		B0A068241759B2CE006AF42F /* 1a.png */ = {isa = PBXFileReference; lastKnownFileType = image.png; path = 1a.png; sourceTree = "<group>"; };
		B0A068251759B2CE006AF42F /* 1b.png */ = {isa = PBXFileReference; lastKnownFileType = image.png; path = 1b.png; sourceTree = "<group>"; };
		B0A068261759B2CE006AF42F /* 1c.png */ = {isa = PBXFileReference; lastKnownFileType = image.png; path = 1c.png; sourceTree = "<group>"; };
		B0A068271759B2CE006AF42F /* 1d.png */ = {isa = PBXFileReference; lastKnownFileType = image.png; path = 1d.png; sourceTree = "<group>"; };
		B0A0682C1759B2CE006AF42F /* button.png */ = {isa = PBXFileReference; lastKnownFileType = image.png; path = button.png; sourceTree = "<group>"; };
		B0A0682F1759B2CE006AF42F /* tiger bg.png */ = {isa = PBXFileReference; lastKnownFileType = image.png; path = "tiger bg.png"; sourceTree = "<group>"; };
		B0A068301759B2CE006AF42F /* tiger image.png */ = {isa = PBXFileReference; lastKnownFileType = image.png; path = "tiger image.png"; sourceTree = "<group>"; };
		B0A068311759B2CE006AF42F /* index.html */ = {isa = PBXFileReference; fileEncoding = 4; lastKnownFileType = text.html; path = index.html; sourceTree = "<group>"; };
		B0A068331759B2CE006AF42F /* config.js */ = {isa = PBXFileReference; fileEncoding = 4; lastKnownFileType = sourcecode.javascript; path = config.js; sourceTree = "<group>"; };
		B0A068341759B2CE006AF42F /* hammer.js */ = {isa = PBXFileReference; fileEncoding = 4; lastKnownFileType = sourcecode.javascript; path = hammer.js; sourceTree = "<group>"; };
		B0A068351759B2CE006AF42F /* home.txt */ = {isa = PBXFileReference; fileEncoding = 4; lastKnownFileType = text; path = home.txt; sourceTree = "<group>"; };
		B0A068361759B2CE006AF42F /* index.js */ = {isa = PBXFileReference; fileEncoding = 4; lastKnownFileType = sourcecode.javascript; path = index.js; sourceTree = "<group>"; };
		B0A068371759B2CE006AF42F /* jquery-ui.min.js */ = {isa = PBXFileReference; fileEncoding = 4; lastKnownFileType = sourcecode.javascript; path = "jquery-ui.min.js"; sourceTree = "<group>"; };
		B0A068381759B2CE006AF42F /* jquery.min.js */ = {isa = PBXFileReference; fileEncoding = 4; lastKnownFileType = sourcecode.javascript; path = jquery.min.js; sourceTree = "<group>"; };
		B0A068391759B2CE006AF42F /* jquery.transit.js */ = {isa = PBXFileReference; fileEncoding = 4; lastKnownFileType = sourcecode.javascript; path = jquery.transit.js; sourceTree = "<group>"; };
		B0A0683A1759B2CE006AF42F /* less-1.3.0.min.js */ = {isa = PBXFileReference; fileEncoding = 4; lastKnownFileType = sourcecode.javascript; path = "less-1.3.0.min.js"; sourceTree = "<group>"; };
		B0A0683B1759B2CE006AF42F /* memory.js */ = {isa = PBXFileReference; fileEncoding = 4; lastKnownFileType = sourcecode.javascript; path = memory.js; sourceTree = "<group>"; };
		B0A0683C1759B2CE006AF42F /* page.js */ = {isa = PBXFileReference; fileEncoding = 4; lastKnownFileType = sourcecode.javascript; path = page.js; sourceTree = "<group>"; };
		B0A0683D1759B2CE006AF42F /* paiting.js */ = {isa = PBXFileReference; fileEncoding = 4; lastKnownFileType = sourcecode.javascript; path = paiting.js; sourceTree = "<group>"; };
		B0A0683E1759B2CE006AF42F /* puzzle.js */ = {isa = PBXFileReference; fileEncoding = 4; lastKnownFileType = sourcecode.javascript; path = puzzle.js; sourceTree = "<group>"; };
		B0A0683F1759B2CE006AF42F /* screen1.txt */ = {isa = PBXFileReference; fileEncoding = 4; lastKnownFileType = text; path = screen1.txt; sourceTree = "<group>"; };
		B0A068401759B2CE006AF42F /* screen2.txt */ = {isa = PBXFileReference; fileEncoding = 4; lastKnownFileType = text; path = screen2.txt; sourceTree = "<group>"; };
		B0A068411759B2CE006AF42F /* screen3.txt */ = {isa = PBXFileReference; fileEncoding = 4; lastKnownFileType = text; path = screen3.txt; sourceTree = "<group>"; };
		B0A068421759B2CE006AF42F /* screen4.txt */ = {isa = PBXFileReference; fileEncoding = 4; lastKnownFileType = text; path = screen4.txt; sourceTree = "<group>"; };
		B0A068431759B2CE006AF42F /* screen5.txt */ = {isa = PBXFileReference; fileEncoding = 4; lastKnownFileType = text; path = screen5.txt; sourceTree = "<group>"; };
		B0A068441759B2CE006AF42F /* screen6.txt */ = {isa = PBXFileReference; fileEncoding = 4; lastKnownFileType = text; path = screen6.txt; sourceTree = "<group>"; };
		B0A068451759B2CE006AF42F /* screen7.txt */ = {isa = PBXFileReference; fileEncoding = 4; lastKnownFileType = text; path = screen7.txt; sourceTree = "<group>"; };
		B0A068461759B2CE006AF42F /* sound.js */ = {isa = PBXFileReference; fileEncoding = 4; lastKnownFileType = sourcecode.javascript; path = sound.js; sourceTree = "<group>"; };
		B0A068481759B2CE006AF42F /* touchpunch.js */ = {isa = PBXFileReference; fileEncoding = 4; lastKnownFileType = sourcecode.javascript; path = touchpunch.js; sourceTree = "<group>"; };
		B0A068491759B2CE006AF42F /* touchpunch.min.js */ = {isa = PBXFileReference; fileEncoding = 4; lastKnownFileType = sourcecode.javascript; path = touchpunch.min.js; sourceTree = "<group>"; };
		B0A0684A1759B2CE006AF42F /* underscore.js */ = {isa = PBXFileReference; fileEncoding = 4; lastKnownFileType = sourcecode.javascript; path = underscore.js; sourceTree = "<group>"; };
		B0A0684E1759B2CE006AF42F /* icon-57-2x.png */ = {isa = PBXFileReference; lastKnownFileType = image.png; path = "icon-57-2x.png"; sourceTree = "<group>"; };
		B0A0684F1759B2CE006AF42F /* icon-57.png */ = {isa = PBXFileReference; lastKnownFileType = image.png; path = "icon-57.png"; sourceTree = "<group>"; };
		B0A068501759B2CE006AF42F /* icon-72-2x.png */ = {isa = PBXFileReference; lastKnownFileType = image.png; path = "icon-72-2x.png"; sourceTree = "<group>"; };
		B0A068511759B2CE006AF42F /* icon-72.png */ = {isa = PBXFileReference; lastKnownFileType = image.png; path = "icon-72.png"; sourceTree = "<group>"; };
		B0A068541759B2CE006AF42F /* screen-ipad-landscape-2x.png */ = {isa = PBXFileReference; lastKnownFileType = image.png; path = "screen-ipad-landscape-2x.png"; sourceTree = "<group>"; };
		B0A068551759B2CE006AF42F /* screen-ipad-landscape.png */ = {isa = PBXFileReference; lastKnownFileType = image.png; path = "screen-ipad-landscape.png"; sourceTree = "<group>"; };
		B0A068561759B2CE006AF42F /* screen-ipad-portrait-2x.png */ = {isa = PBXFileReference; lastKnownFileType = image.png; path = "screen-ipad-portrait-2x.png"; sourceTree = "<group>"; };
		B0A068571759B2CE006AF42F /* screen-ipad-portrait.png */ = {isa = PBXFileReference; lastKnownFileType = image.png; path = "screen-ipad-portrait.png"; sourceTree = "<group>"; };
		B0A068581759B2CE006AF42F /* screen-iphone-landscape-2x.png */ = {isa = PBXFileReference; lastKnownFileType = image.png; path = "screen-iphone-landscape-2x.png"; sourceTree = "<group>"; };
		B0A068591759B2CE006AF42F /* screen-iphone-landscape.png */ = {isa = PBXFileReference; lastKnownFileType = image.png; path = "screen-iphone-landscape.png"; sourceTree = "<group>"; };
		B0A0685A1759B2CE006AF42F /* screen-iphone-portrait-2x.png */ = {isa = PBXFileReference; lastKnownFileType = image.png; path = "screen-iphone-portrait-2x.png"; sourceTree = "<group>"; };
		B0A0685B1759B2CE006AF42F /* screen-iphone-portrait.png */ = {isa = PBXFileReference; lastKnownFileType = image.png; path = "screen-iphone-portrait.png"; sourceTree = "<group>"; };
		B0A0685D1759B2CE006AF42F /* helper.js */ = {isa = PBXFileReference; fileEncoding = 4; lastKnownFileType = sourcecode.javascript; path = helper.js; sourceTree = "<group>"; };
		B0A0685E1759B2CE006AF42F /* index.js */ = {isa = PBXFileReference; fileEncoding = 4; lastKnownFileType = sourcecode.javascript; path = index.js; sourceTree = "<group>"; };
		B0A068611759B2CE006AF42F /* jasmine-html.js */ = {isa = PBXFileReference; fileEncoding = 4; lastKnownFileType = sourcecode.javascript; path = "jasmine-html.js"; sourceTree = "<group>"; };
		B0A068621759B2CE006AF42F /* jasmine.css */ = {isa = PBXFileReference; fileEncoding = 4; lastKnownFileType = text.css; path = jasmine.css; sourceTree = "<group>"; };
		B0A068631759B2CE006AF42F /* jasmine.js */ = {isa = PBXFileReference; fileEncoding = 4; lastKnownFileType = sourcecode.javascript; path = jasmine.js; sourceTree = "<group>"; };
		B0A068641759B2CE006AF42F /* MIT.LICENSE */ = {isa = PBXFileReference; fileEncoding = 4; lastKnownFileType = text; path = MIT.LICENSE; sourceTree = "<group>"; };
		B0A068651759B2CE006AF42F /* spec.html */ = {isa = PBXFileReference; fileEncoding = 4; lastKnownFileType = text.html; path = spec.html; sourceTree = "<group>"; };
		B0A068A61759B4FC006AF42F /* logo.png */ = {isa = PBXFileReference; lastKnownFileType = image.png; path = logo.png; sourceTree = "<group>"; };
		B0A068AB1759C426006AF42F /* 1-airplain.png */ = {isa = PBXFileReference; lastKnownFileType = image.png; path = "1-airplain.png"; sourceTree = "<group>"; };
		B0A068AC1759C426006AF42F /* 1-arrow-left-brown.png */ = {isa = PBXFileReference; lastKnownFileType = image.png; path = "1-arrow-left-brown.png"; sourceTree = "<group>"; };
		B0A068AD1759C426006AF42F /* 1-arrow-left-cyan.png */ = {isa = PBXFileReference; lastKnownFileType = image.png; path = "1-arrow-left-cyan.png"; sourceTree = "<group>"; };
		B0A068AE1759C426006AF42F /* 1-arrow-left-light.png */ = {isa = PBXFileReference; lastKnownFileType = image.png; path = "1-arrow-left-light.png"; sourceTree = "<group>"; };
		B0A068AF1759C426006AF42F /* 1-arrow-right-brown.png */ = {isa = PBXFileReference; lastKnownFileType = image.png; path = "1-arrow-right-brown.png"; sourceTree = "<group>"; };
		B0A068B01759C426006AF42F /* 1-arrow-right-cyan.png */ = {isa = PBXFileReference; lastKnownFileType = image.png; path = "1-arrow-right-cyan.png"; sourceTree = "<group>"; };
		B0A068B11759C426006AF42F /* 1-arrow-right-light.png */ = {isa = PBXFileReference; lastKnownFileType = image.png; path = "1-arrow-right-light.png"; sourceTree = "<group>"; };
		B0A068B21759C426006AF42F /* 1-background.png */ = {isa = PBXFileReference; lastKnownFileType = image.png; path = "1-background.png"; sourceTree = "<group>"; };
		B0A068B31759C426006AF42F /* 1-balon.png */ = {isa = PBXFileReference; lastKnownFileType = image.png; path = "1-balon.png"; sourceTree = "<group>"; };
		B0A068B41759C426006AF42F /* 1-cloud.png */ = {isa = PBXFileReference; lastKnownFileType = image.png; path = "1-cloud.png"; sourceTree = "<group>"; };
		B0A068B51759C426006AF42F /* 1-memory.png */ = {isa = PBXFileReference; lastKnownFileType = image.png; path = "1-memory.png"; sourceTree = "<group>"; };
		B0A068B61759C426006AF42F /* 1-mute.png */ = {isa = PBXFileReference; lastKnownFileType = image.png; path = "1-mute.png"; sourceTree = "<group>"; };
		B0A068B71759C426006AF42F /* 1-mutes.png */ = {isa = PBXFileReference; lastKnownFileType = image.png; path = "1-mutes.png"; sourceTree = "<group>"; };
		B0A068B81759C426006AF42F /* 1-painting.png */ = {isa = PBXFileReference; lastKnownFileType = image.png; path = "1-painting.png"; sourceTree = "<group>"; };
		B0A068B91759C426006AF42F /* 1-purchase.png */ = {isa = PBXFileReference; lastKnownFileType = image.png; path = "1-purchase.png"; sourceTree = "<group>"; };
		B0A068BA1759C426006AF42F /* 1-puzzle.png */ = {isa = PBXFileReference; lastKnownFileType = image.png; path = "1-puzzle.png"; sourceTree = "<group>"; };
		B0A068BB1759C426006AF42F /* 1-sounds.png */ = {isa = PBXFileReference; lastKnownFileType = image.png; path = "1-sounds.png"; sourceTree = "<group>"; };
		B0A068BC1759C426006AF42F /* 1-sun.png */ = {isa = PBXFileReference; lastKnownFileType = image.png; path = "1-sun.png"; sourceTree = "<group>"; };
		B0A068BD1759C426006AF42F /* áâöÖãâç-34.png */ = {isa = PBXFileReference; lastKnownFileType = image.png; path = "áâöÖãâç-34.png"; sourceTree = "<group>"; };
		B0A068BE1759C426006AF42F /* áâöÖãâç-35.png */ = {isa = PBXFileReference; lastKnownFileType = image.png; path = "áâöÖãâç-35.png"; sourceTree = "<group>"; };
		B0A068BF1759C426006AF42F /* éëãâç åÄîåâóñâÑ-05.png */ = {isa = PBXFileReference; lastKnownFileType = image.png; path = "éëãâç åÄîåâóñâÑ-05.png"; sourceTree = "<group>"; };
		B0A068C11759C426006AF42F /* 2-background.png */ = {isa = PBXFileReference; lastKnownFileType = image.png; path = "2-background.png"; sourceTree = "<group>"; };
		B0A068C21759C426006AF42F /* 2-card.png */ = {isa = PBXFileReference; lastKnownFileType = image.png; path = "2-card.png"; sourceTree = "<group>"; };
		B0A068C31759C426006AF42F /* 2-cloud-1.png */ = {isa = PBXFileReference; lastKnownFileType = image.png; path = "2-cloud-1.png"; sourceTree = "<group>"; };
		B0A068C41759C426006AF42F /* 2-cloud-2.png */ = {isa = PBXFileReference; lastKnownFileType = image.png; path = "2-cloud-2.png"; sourceTree = "<group>"; };
		B0A068C51759C426006AF42F /* 2-moon.png */ = {isa = PBXFileReference; lastKnownFileType = image.png; path = "2-moon.png"; sourceTree = "<group>"; };
		B0A068C61759C426006AF42F /* áâöÖãâç-38.png */ = {isa = PBXFileReference; lastKnownFileType = image.png; path = "áâöÖãâç-38.png"; sourceTree = "<group>"; };
		B0A068C71759C426006AF42F /* áâöÖãâç-39.png */ = {isa = PBXFileReference; lastKnownFileType = image.png; path = "áâöÖãâç-39.png"; sourceTree = "<group>"; };
		B0A068C81759C426006AF42F /* áâöÖãâç-40.png */ = {isa = PBXFileReference; lastKnownFileType = image.png; path = "áâöÖãâç-40.png"; sourceTree = "<group>"; };
		B0A068C91759C426006AF42F /* áâöÖãâç-41.png */ = {isa = PBXFileReference; lastKnownFileType = image.png; path = "áâöÖãâç-41.png"; sourceTree = "<group>"; };
		B0A068CA1759C426006AF42F /* éëãâç åÄîåâóñâÑ-03.png */ = {isa = PBXFileReference; lastKnownFileType = image.png; path = "éëãâç åÄîåâóñâÑ-03.png"; sourceTree = "<group>"; };
		B0A068CC1759C426006AF42F /* 3-background.png */ = {isa = PBXFileReference; lastKnownFileType = image.png; path = "3-background.png"; sourceTree = "<group>"; };
		B0A068CD1759C426006AF42F /* 3-tree-1.png */ = {isa = PBXFileReference; lastKnownFileType = image.png; path = "3-tree-1.png"; sourceTree = "<group>"; };
		B0A068CE1759C426006AF42F /* 3-tree-2.png */ = {isa = PBXFileReference; lastKnownFileType = image.png; path = "3-tree-2.png"; sourceTree = "<group>"; };
		B0A068CF1759C426006AF42F /* éëãâç åÄîåâóñâÑ-01.png */ = {isa = PBXFileReference; lastKnownFileType = image.png; path = "éëãâç åÄîåâóñâÑ-01.png"; sourceTree = "<group>"; };
		B0A068D11759C426006AF42F /* 4-background.png */ = {isa = PBXFileReference; lastKnownFileType = image.png; path = "4-background.png"; sourceTree = "<group>"; };
		B0A068D21759C426006AF42F /* 4-cissors.png */ = {isa = PBXFileReference; lastKnownFileType = image.png; path = "4-cissors.png"; sourceTree = "<group>"; };
		B0A068D31759C426006AF42F /* 4-clips.png */ = {isa = PBXFileReference; lastKnownFileType = image.png; path = "4-clips.png"; sourceTree = "<group>"; };
		B0A068D41759C426006AF42F /* 4-eraser.png */ = {isa = PBXFileReference; lastKnownFileType = image.png; path = "4-eraser.png"; sourceTree = "<group>"; };
		B0A068D51759C426006AF42F /* 4-pen-1.png */ = {isa = PBXFileReference; lastKnownFileType = image.png; path = "4-pen-1.png"; sourceTree = "<group>"; };
		B0A068D61759C426006AF42F /* 4-pen-2.png */ = {isa = PBXFileReference; lastKnownFileType = image.png; path = "4-pen-2.png"; sourceTree = "<group>"; };
		B0A068D71759C426006AF42F /* 4-pen-3.png */ = {isa = PBXFileReference; lastKnownFileType = image.png; path = "4-pen-3.png"; sourceTree = "<group>"; };
		B0A068D81759C426006AF42F /* 4-sizer.png */ = {isa = PBXFileReference; lastKnownFileType = image.png; path = "4-sizer.png"; sourceTree = "<group>"; };
		B0A068D91759C426006AF42F /* áâöÖãâç-20.png */ = {isa = PBXFileReference; lastKnownFileType = image.png; path = "áâöÖãâç-20.png"; sourceTree = "<group>"; };
		B0A068DA1759C426006AF42F /* éëãâç åÄîåâóñâÑ-04.png */ = {isa = PBXFileReference; lastKnownFileType = image.png; path = "éëãâç åÄîåâóñâÑ-04.png"; sourceTree = "<group>"; };
		B0A068DC1759C426006AF42F /* 5-background.png */ = {isa = PBXFileReference; lastKnownFileType = image.png; path = "5-background.png"; sourceTree = "<group>"; };
		B0A068DD1759C426006AF42F /* 5-black.png */ = {isa = PBXFileReference; lastKnownFileType = image.png; path = "5-black.png"; sourceTree = "<group>"; };
		B0A068DE1759C426006AF42F /* 5-blue.png */ = {isa = PBXFileReference; lastKnownFileType = image.png; path = "5-blue.png"; sourceTree = "<group>"; };
		B0A068DF1759C426006AF42F /* 5-flach-blue.png */ = {isa = PBXFileReference; lastKnownFileType = image.png; path = "5-flach-blue.png"; sourceTree = "<group>"; };
		B0A068E01759C426006AF42F /* 5-flach-cyan.png */ = {isa = PBXFileReference; lastKnownFileType = image.png; path = "5-flach-cyan.png"; sourceTree = "<group>"; };
		B0A068E11759C426006AF42F /* 5-flach-green-2.png */ = {isa = PBXFileReference; lastKnownFileType = image.png; path = "5-flach-green-2.png"; sourceTree = "<group>"; };
		B0A068E21759C426006AF42F /* 5-flach-green.png */ = {isa = PBXFileReference; lastKnownFileType = image.png; path = "5-flach-green.png"; sourceTree = "<group>"; };
		B0A068E31759C426006AF42F /* 5-flach-orange.png */ = {isa = PBXFileReference; lastKnownFileType = image.png; path = "5-flach-orange.png"; sourceTree = "<group>"; };
		B0A068E41759C426006AF42F /* 5-flach-red.png */ = {isa = PBXFileReference; lastKnownFileType = image.png; path = "5-flach-red.png"; sourceTree = "<group>"; };
		B0A068E51759C426006AF42F /* 5-green.png */ = {isa = PBXFileReference; lastKnownFileType = image.png; path = "5-green.png"; sourceTree = "<group>"; };
		B0A068E61759C426006AF42F /* 5-pink.png */ = {isa = PBXFileReference; lastKnownFileType = image.png; path = "5-pink.png"; sourceTree = "<group>"; };
		B0A068E71759C426006AF42F /* 5-purple.png */ = {isa = PBXFileReference; lastKnownFileType = image.png; path = "5-purple.png"; sourceTree = "<group>"; };
		B0A068E81759C426006AF42F /* 5-red.png */ = {isa = PBXFileReference; lastKnownFileType = image.png; path = "5-red.png"; sourceTree = "<group>"; };
		B0A068E91759C426006AF42F /* 5-white.png */ = {isa = PBXFileReference; lastKnownFileType = image.png; path = "5-white.png"; sourceTree = "<group>"; };
		B0A068EA1759C426006AF42F /* 5-yellow.png */ = {isa = PBXFileReference; lastKnownFileType = image.png; path = "5-yellow.png"; sourceTree = "<group>"; };
		B0A068EB1759C426006AF42F /* éëãâç åÄîåâóñâÑ-02.png */ = {isa = PBXFileReference; lastKnownFileType = image.png; path = "éëãâç åÄîåâóñâÑ-02.png"; sourceTree = "<group>"; };
		B0A068F01759C426006AF42F /* éëãâç åÄîåâóñâÑ-08.png */ = {isa = PBXFileReference; lastKnownFileType = image.png; path = "éëãâç åÄîåâóñâÑ-08.png"; sourceTree = "<group>"; };
		B0A068F11759C426006AF42F /* purchase-background.png */ = {isa = PBXFileReference; lastKnownFileType = image.png; path = "purchase-background.png"; sourceTree = "<group>"; };
		B0A068F21759C426006AF42F /* purchase-button.png */ = {isa = PBXFileReference; lastKnownFileType = image.png; path = "purchase-button.png"; sourceTree = "<group>"; };
		B0A068F31759C426006AF42F /* purchase-image.png */ = {isa = PBXFileReference; lastKnownFileType = image.png; path = "purchase-image.png"; sourceTree = "<group>"; };
		D4A0D8751607E02300AEF8BB /* Default-568h@2x~iphone.png */ = {isa = PBXFileReference; lastKnownFileType = image.png; path = "Default-568h@2x~iphone.png"; sourceTree = "<group>"; };
		F840E1F0165FE0F500CFE078 /* config.xml */ = {isa = PBXFileReference; lastKnownFileType = text.xml; name = config.xml; path = babygame/config.xml; sourceTree = "<group>"; };
/* End PBXFileReference section */

/* Begin PBXFrameworksBuildPhase section */
		1D60588F0D05DD3D006BFB54 /* Frameworks */ = {
			isa = PBXFrameworksBuildPhase;
			buildActionMask = 2147483647;
			files = (
				5B1594DD16A7569C00FEF299 /* AssetsLibrary.framework in Frameworks */,
				301BF552109A68D80062928A /* libCordova.a in Frameworks */,
				1D60589F0D05DD5A006BFB54 /* Foundation.framework in Frameworks */,
				1DF5F4E00D08C38300B7A737 /* UIKit.framework in Frameworks */,
				288765FD0DF74451002DB57D /* CoreGraphics.framework in Frameworks */,
				301BF5B5109A6A2B0062928A /* AddressBook.framework in Frameworks */,
				301BF5B7109A6A2B0062928A /* AddressBookUI.framework in Frameworks */,
				301BF5B9109A6A2B0062928A /* AudioToolbox.framework in Frameworks */,
				301BF5BB109A6A2B0062928A /* AVFoundation.framework in Frameworks */,
				301BF5BD109A6A2B0062928A /* CFNetwork.framework in Frameworks */,
				301BF5BF109A6A2B0062928A /* CoreLocation.framework in Frameworks */,
				301BF5C1109A6A2B0062928A /* MediaPlayer.framework in Frameworks */,
				301BF5C3109A6A2B0062928A /* QuartzCore.framework in Frameworks */,
				301BF5C5109A6A2B0062928A /* SystemConfiguration.framework in Frameworks */,
				305D5FD1115AB8F900A74A75 /* MobileCoreServices.framework in Frameworks */,
				30E5649213A7FCAF007403D8 /* CoreMedia.framework in Frameworks */,
			);
			runOnlyForDeploymentPostprocessing = 0;
		};
/* End PBXFrameworksBuildPhase section */

/* Begin PBXGroup section */
		080E96DDFE201D6D7F000001 /* Classes */ = {
			isa = PBXGroup;
			children = (
				302D95EE14D2391D003F00A1 /* MainViewController.h */,
				302D95EF14D2391D003F00A1 /* MainViewController.m */,
				302D95F014D2391D003F00A1 /* MainViewController.xib */,
				1D3623240D0F684500981E51 /* AppDelegate.h */,
				1D3623250D0F684500981E51 /* AppDelegate.m */,
			);
			name = Classes;
			path = babygame/Classes;
			sourceTree = SOURCE_ROOT;
		};
		19C28FACFE9D520D11CA2CBB /* Products */ = {
			isa = PBXGroup;
			children = (
				1D6058910D05DD3D006BFB54 /* babygame.app */,
			);
			name = Products;
			sourceTree = "<group>";
		};
		1F766FDB13BBADB100FB74C0 /* en.lproj */ = {
			isa = PBXGroup;
			children = (
				1F766FDC13BBADB100FB74C0 /* Localizable.strings */,
			);
			path = en.lproj;
			sourceTree = "<group>";
		};
		1F766FDE13BBADB100FB74C0 /* es.lproj */ = {
			isa = PBXGroup;
			children = (
				1F766FDF13BBADB100FB74C0 /* Localizable.strings */,
			);
			path = es.lproj;
			sourceTree = "<group>";
		};
		29B97314FDCFA39411CA2CEA /* CustomTemplate */ = {
			isa = PBXGroup;
			children = (
				B0A0681E1759B2CE006AF42F /* www */,
				F840E1F0165FE0F500CFE078 /* config.xml */,
				301BF52D109A57CC0062928A /* CordovaLib.xcodeproj */,
				080E96DDFE201D6D7F000001 /* Classes */,
				307C750510C5A3420062BCA9 /* Plugins */,
				29B97315FDCFA39411CA2CEA /* Other Sources */,
				29B97317FDCFA39411CA2CEA /* Resources */,
				29B97323FDCFA39411CA2CEA /* Frameworks */,
				19C28FACFE9D520D11CA2CBB /* Products */,
			);
			name = CustomTemplate;
			sourceTree = "<group>";
		};
		29B97315FDCFA39411CA2CEA /* Other Sources */ = {
			isa = PBXGroup;
			children = (
				32CA4F630368D1EE00C91783 /* babygame-Prefix.pch */,
				29B97316FDCFA39411CA2CEA /* main.m */,
			);
			name = "Other Sources";
			path = babygame;
			sourceTree = "<group>";
		};
		29B97317FDCFA39411CA2CEA /* Resources */ = {
			isa = PBXGroup;
			children = (
				30A0434214DC770100060A13 /* de.lproj */,
				30A0434514DC770100060A13 /* se.lproj */,
				1F766FDB13BBADB100FB74C0 /* en.lproj */,
				1F766FDE13BBADB100FB74C0 /* es.lproj */,
				3072F99613A8081B00425683 /* Capture.bundle */,
				308D052D1370CCF300D202BF /* icons */,
				308D05311370CCF300D202BF /* splash */,
				8D1107310486CEB800E47090 /* babygame-Info.plist */,
			);
			name = Resources;
			path = babygame/Resources;
			sourceTree = "<group>";
		};
		29B97323FDCFA39411CA2CEA /* Frameworks */ = {
			isa = PBXGroup;
			children = (
				5B1594DC16A7569C00FEF299 /* AssetsLibrary.framework */,
				1DF5F4DF0D08C38300B7A737 /* UIKit.framework */,
				1D30AB110D05D00D00671497 /* Foundation.framework */,
				288765FC0DF74451002DB57D /* CoreGraphics.framework */,
				301BF5B4109A6A2B0062928A /* AddressBook.framework */,
				301BF5B6109A6A2B0062928A /* AddressBookUI.framework */,
				301BF5B8109A6A2B0062928A /* AudioToolbox.framework */,
				301BF5BA109A6A2B0062928A /* AVFoundation.framework */,
				301BF5BC109A6A2B0062928A /* CFNetwork.framework */,
				301BF5BE109A6A2B0062928A /* CoreLocation.framework */,
				301BF5C0109A6A2B0062928A /* MediaPlayer.framework */,
				301BF5C2109A6A2B0062928A /* QuartzCore.framework */,
				301BF5C4109A6A2B0062928A /* SystemConfiguration.framework */,
				305D5FD0115AB8F900A74A75 /* MobileCoreServices.framework */,
				30E5649113A7FCAF007403D8 /* CoreMedia.framework */,
			);
			name = Frameworks;
			sourceTree = "<group>";
		};
		301BF52E109A57CC0062928A /* Products */ = {
			isa = PBXGroup;
			children = (
				301BF535109A57CC0062928A /* libCordova.a */,
			);
			name = Products;
			sourceTree = "<group>";
		};
		307C750510C5A3420062BCA9 /* Plugins */ = {
			isa = PBXGroup;
			children = (
			);
			name = Plugins;
			path = babygame/Plugins;
			sourceTree = SOURCE_ROOT;
		};
		308D052D1370CCF300D202BF /* icons */ = {
			isa = PBXGroup;
			children = (
				30FC414816E50CA1004E6F35 /* icon-72@2x.png */,
				308D052E1370CCF300D202BF /* icon-72.png */,
				308D052F1370CCF300D202BF /* icon.png */,
				308D05301370CCF300D202BF /* icon@2x.png */,
			);
			path = icons;
			sourceTree = "<group>";
		};
		308D05311370CCF300D202BF /* splash */ = {
			isa = PBXGroup;
			children = (
				D4A0D8751607E02300AEF8BB /* Default-568h@2x~iphone.png */,
				3088BBB7154F3926009F9C59 /* Default-Landscape@2x~ipad.png */,
				3088BBB8154F3926009F9C59 /* Default-Landscape~ipad.png */,
				3088BBB9154F3926009F9C59 /* Default-Portrait@2x~ipad.png */,
				3088BBBA154F3926009F9C59 /* Default-Portrait~ipad.png */,
				3088BBBB154F3926009F9C59 /* Default@2x~iphone.png */,
				3088BBBC154F3926009F9C59 /* Default~iphone.png */,
			);
			path = splash;
			sourceTree = "<group>";
		};
		30A0434214DC770100060A13 /* de.lproj */ = {
			isa = PBXGroup;
			children = (
				30A0434314DC770100060A13 /* Localizable.strings */,
			);
			path = de.lproj;
			sourceTree = "<group>";
		};
		30A0434514DC770100060A13 /* se.lproj */ = {
			isa = PBXGroup;
			children = (
				30A0434614DC770100060A13 /* Localizable.strings */,
			);
			path = se.lproj;
			sourceTree = "<group>";
		};
		B0A0681E1759B2CE006AF42F /* www */ = {
			isa = PBXGroup;
			children = (
				B0A0681F1759B2CE006AF42F /* cordova-2.6.0.js */,
				B0A068201759B2CE006AF42F /* css */,
				B0A068221759B2CE006AF42F /* img */,
				B0A068311759B2CE006AF42F /* index.html */,
				B0A068321759B2CE006AF42F /* js */,
				B0A0684B1759B2CE006AF42F /* res */,
				B0A0685C1759B2CE006AF42F /* spec */,
				B0A068651759B2CE006AF42F /* spec.html */,
			);
			path = www;
			sourceTree = "<group>";
		};
		B0A068201759B2CE006AF42F /* css */ = {
			isa = PBXGroup;
			children = (
				B0A068211759B2CE006AF42F /* index.css */,
			);
			path = css;
			sourceTree = "<group>";
		};
		B0A068221759B2CE006AF42F /* img */ = {
			isa = PBXGroup;
			children = (
				B0A068AA1759C426006AF42F /* 1 */,
				B0A068C01759C426006AF42F /* 2 */,
				B0A068CB1759C426006AF42F /* 3 */,
				B0A068D01759C426006AF42F /* 4 */,
				B0A068DB1759C426006AF42F /* 5 */,
				B0A068EF1759C426006AF42F /* 6 */,
				B0A068A61759B4FC006AF42F /* logo.png */,
				B0A068231759B2CE006AF42F /* 1.jpg */,
				B0A068241759B2CE006AF42F /* 1a.png */,
				B0A068251759B2CE006AF42F /* 1b.png */,
				B0A068261759B2CE006AF42F /* 1c.png */,
				B0A068271759B2CE006AF42F /* 1d.png */,
				B0A0682C1759B2CE006AF42F /* button.png */,
				B0A0682F1759B2CE006AF42F /* tiger bg.png */,
				B0A068301759B2CE006AF42F /* tiger image.png */,
			);
			path = img;
			sourceTree = "<group>";
		};
		B0A068321759B2CE006AF42F /* js */ = {
			isa = PBXGroup;
			children = (
				B0A068331759B2CE006AF42F /* config.js */,
				B0A068341759B2CE006AF42F /* hammer.js */,
				B0A068351759B2CE006AF42F /* home.txt */,
				B0A068361759B2CE006AF42F /* index.js */,
				B0A068371759B2CE006AF42F /* jquery-ui.min.js */,
				B0A068381759B2CE006AF42F /* jquery.min.js */,
				B0A068391759B2CE006AF42F /* jquery.transit.js */,
				B0A0683A1759B2CE006AF42F /* less-1.3.0.min.js */,
				B0A0683B1759B2CE006AF42F /* memory.js */,
				B0A0683C1759B2CE006AF42F /* page.js */,
				B0A0683D1759B2CE006AF42F /* paiting.js */,
				B0A0683E1759B2CE006AF42F /* puzzle.js */,
				B0A0683F1759B2CE006AF42F /* screen1.txt */,
				B0A068401759B2CE006AF42F /* screen2.txt */,
				B0A068411759B2CE006AF42F /* screen3.txt */,
				B0A068421759B2CE006AF42F /* screen4.txt */,
				B0A068431759B2CE006AF42F /* screen5.txt */,
				B0A068441759B2CE006AF42F /* screen6.txt */,
				B0A068451759B2CE006AF42F /* screen7.txt */,
				B0A068461759B2CE006AF42F /* sound.js */,
				B0A068481759B2CE006AF42F /* touchpunch.js */,
				B0A068491759B2CE006AF42F /* touchpunch.min.js */,
				B0A0684A1759B2CE006AF42F /* underscore.js */,
			);
			path = js;
			sourceTree = "<group>";
		};
		B0A0684B1759B2CE006AF42F /* res */ = {
			isa = PBXGroup;
			children = (
				B0A0684C1759B2CE006AF42F /* icon */,
				B0A068521759B2CE006AF42F /* screen */,
			);
			path = res;
			sourceTree = "<group>";
		};
		B0A0684C1759B2CE006AF42F /* icon */ = {
			isa = PBXGroup;
			children = (
				B0A0684D1759B2CE006AF42F /* ios */,
			);
			path = icon;
			sourceTree = "<group>";
		};
		B0A0684D1759B2CE006AF42F /* ios */ = {
			isa = PBXGroup;
			children = (
				B0A0684E1759B2CE006AF42F /* icon-57-2x.png */,
				B0A0684F1759B2CE006AF42F /* icon-57.png */,
				B0A068501759B2CE006AF42F /* icon-72-2x.png */,
				B0A068511759B2CE006AF42F /* icon-72.png */,
			);
			path = ios;
			sourceTree = "<group>";
		};
		B0A068521759B2CE006AF42F /* screen */ = {
			isa = PBXGroup;
			children = (
				B0A068531759B2CE006AF42F /* ios */,
			);
			path = screen;
			sourceTree = "<group>";
		};
		B0A068531759B2CE006AF42F /* ios */ = {
			isa = PBXGroup;
			children = (
				B0A068541759B2CE006AF42F /* screen-ipad-landscape-2x.png */,
				B0A068551759B2CE006AF42F /* screen-ipad-landscape.png */,
				B0A068561759B2CE006AF42F /* screen-ipad-portrait-2x.png */,
				B0A068571759B2CE006AF42F /* screen-ipad-portrait.png */,
				B0A068581759B2CE006AF42F /* screen-iphone-landscape-2x.png */,
				B0A068591759B2CE006AF42F /* screen-iphone-landscape.png */,
				B0A0685A1759B2CE006AF42F /* screen-iphone-portrait-2x.png */,
				B0A0685B1759B2CE006AF42F /* screen-iphone-portrait.png */,
			);
			path = ios;
			sourceTree = "<group>";
		};
		B0A0685C1759B2CE006AF42F /* spec */ = {
			isa = PBXGroup;
			children = (
				B0A0685D1759B2CE006AF42F /* helper.js */,
				B0A0685E1759B2CE006AF42F /* index.js */,
				B0A0685F1759B2CE006AF42F /* lib */,
			);
			path = spec;
			sourceTree = "<group>";
		};
		B0A0685F1759B2CE006AF42F /* lib */ = {
			isa = PBXGroup;
			children = (
				B0A068601759B2CE006AF42F /* jasmine-1.2.0 */,
			);
			path = lib;
			sourceTree = "<group>";
		};
		B0A068601759B2CE006AF42F /* jasmine-1.2.0 */ = {
			isa = PBXGroup;
			children = (
				B0A068611759B2CE006AF42F /* jasmine-html.js */,
				B0A068621759B2CE006AF42F /* jasmine.css */,
				B0A068631759B2CE006AF42F /* jasmine.js */,
				B0A068641759B2CE006AF42F /* MIT.LICENSE */,
			);
			path = "jasmine-1.2.0";
			sourceTree = "<group>";
		};
		B0A068AA1759C426006AF42F /* 1 */ = {
			isa = PBXGroup;
			children = (
				B0A068AB1759C426006AF42F /* 1-airplain.png */,
				B0A068AC1759C426006AF42F /* 1-arrow-left-brown.png */,
				B0A068AD1759C426006AF42F /* 1-arrow-left-cyan.png */,
				B0A068AE1759C426006AF42F /* 1-arrow-left-light.png */,
				B0A068AF1759C426006AF42F /* 1-arrow-right-brown.png */,
				B0A068B01759C426006AF42F /* 1-arrow-right-cyan.png */,
				B0A068B11759C426006AF42F /* 1-arrow-right-light.png */,
				B0A068B21759C426006AF42F /* 1-background.png */,
				B0A068B31759C426006AF42F /* 1-balon.png */,
				B0A068B41759C426006AF42F /* 1-cloud.png */,
				B0A068B51759C426006AF42F /* 1-memory.png */,
				B0A068B61759C426006AF42F /* 1-mute.png */,
				B0A068B71759C426006AF42F /* 1-mutes.png */,
				B0A068B81759C426006AF42F /* 1-painting.png */,
				B0A068B91759C426006AF42F /* 1-purchase.png */,
				B0A068BA1759C426006AF42F /* 1-puzzle.png */,
				B0A068BB1759C426006AF42F /* 1-sounds.png */,
				B0A068BC1759C426006AF42F /* 1-sun.png */,
				B0A068BD1759C426006AF42F /* áâöÖãâç-34.png */,
				B0A068BE1759C426006AF42F /* áâöÖãâç-35.png */,
				B0A068BF1759C426006AF42F /* éëãâç åÄîåâóñâÑ-05.png */,
			);
			path = 1;
			sourceTree = "<group>";
		};
		B0A068C01759C426006AF42F /* 2 */ = {
			isa = PBXGroup;
			children = (
				B0A068C11759C426006AF42F /* 2-background.png */,
				B0A068C21759C426006AF42F /* 2-card.png */,
				B0A068C31759C426006AF42F /* 2-cloud-1.png */,
				B0A068C41759C426006AF42F /* 2-cloud-2.png */,
				B0A068C51759C426006AF42F /* 2-moon.png */,
				B0A068C61759C426006AF42F /* áâöÖãâç-38.png */,
				B0A068C71759C426006AF42F /* áâöÖãâç-39.png */,
				B0A068C81759C426006AF42F /* áâöÖãâç-40.png */,
				B0A068C91759C426006AF42F /* áâöÖãâç-41.png */,
				B0A068CA1759C426006AF42F /* éëãâç åÄîåâóñâÑ-03.png */,
			);
			path = 2;
			sourceTree = "<group>";
		};
		B0A068CB1759C426006AF42F /* 3 */ = {
			isa = PBXGroup;
			children = (
				B0A068CC1759C426006AF42F /* 3-background.png */,
				B0A068CD1759C426006AF42F /* 3-tree-1.png */,
				B0A068CE1759C426006AF42F /* 3-tree-2.png */,
				B0A068CF1759C426006AF42F /* éëãâç åÄîåâóñâÑ-01.png */,
			);
			path = 3;
			sourceTree = "<group>";
		};
		B0A068D01759C426006AF42F /* 4 */ = {
			isa = PBXGroup;
			children = (
				B0A068D11759C426006AF42F /* 4-background.png */,
				B0A068D21759C426006AF42F /* 4-cissors.png */,
				B0A068D31759C426006AF42F /* 4-clips.png */,
				B0A068D41759C426006AF42F /* 4-eraser.png */,
				B0A068D51759C426006AF42F /* 4-pen-1.png */,
				B0A068D61759C426006AF42F /* 4-pen-2.png */,
				B0A068D71759C426006AF42F /* 4-pen-3.png */,
				B0A068D81759C426006AF42F /* 4-sizer.png */,
				B0A068D91759C426006AF42F /* áâöÖãâç-20.png */,
				B0A068DA1759C426006AF42F /* éëãâç åÄîåâóñâÑ-04.png */,
			);
			path = 4;
			sourceTree = "<group>";
		};
		B0A068DB1759C426006AF42F /* 5 */ = {
			isa = PBXGroup;
			children = (
				B0A068DC1759C426006AF42F /* 5-background.png */,
				B0A068DD1759C426006AF42F /* 5-black.png */,
				B0A068DE1759C426006AF42F /* 5-blue.png */,
				B0A068DF1759C426006AF42F /* 5-flach-blue.png */,
				B0A068E01759C426006AF42F /* 5-flach-cyan.png */,
				B0A068E11759C426006AF42F /* 5-flach-green-2.png */,
				B0A068E21759C426006AF42F /* 5-flach-green.png */,
				B0A068E31759C426006AF42F /* 5-flach-orange.png */,
				B0A068E41759C426006AF42F /* 5-flach-red.png */,
				B0A068E51759C426006AF42F /* 5-green.png */,
				B0A068E61759C426006AF42F /* 5-pink.png */,
				B0A068E71759C426006AF42F /* 5-purple.png */,
				B0A068E81759C426006AF42F /* 5-red.png */,
				B0A068E91759C426006AF42F /* 5-white.png */,
				B0A068EA1759C426006AF42F /* 5-yellow.png */,
				B0A068EB1759C426006AF42F /* éëãâç åÄîåâóñâÑ-02.png */,
			);
			path = 5;
			sourceTree = "<group>";
		};
		B0A068EF1759C426006AF42F /* 6 */ = {
			isa = PBXGroup;
			children = (
				B0A068F01759C426006AF42F /* éëãâç åÄîåâóñâÑ-08.png */,
				B0A068F11759C426006AF42F /* purchase-background.png */,
				B0A068F21759C426006AF42F /* purchase-button.png */,
				B0A068F31759C426006AF42F /* purchase-image.png */,
			);
			name = 6;
			path = purchase;
			sourceTree = "<group>";
		};
/* End PBXGroup section */

/* Begin PBXNativeTarget section */
		1D6058900D05DD3D006BFB54 /* babygame */ = {
			isa = PBXNativeTarget;
			buildConfigurationList = 1D6058960D05DD3E006BFB54 /* Build configuration list for PBXNativeTarget "babygame" */;
			buildPhases = (
				304B58A110DAC018002A0835 /* Copy www directory */,
				1D60588D0D05DD3D006BFB54 /* Resources */,
				1D60588E0D05DD3D006BFB54 /* Sources */,
				1D60588F0D05DD3D006BFB54 /* Frameworks */,
			);
			buildRules = (
			);
			dependencies = (
				301BF551109A68C00062928A /* PBXTargetDependency */,
			);
			name = babygame;
			productName = babygame;
			productReference = 1D6058910D05DD3D006BFB54 /* babygame.app */;
			productType = "com.apple.product-type.application";
		};
/* End PBXNativeTarget section */

/* Begin PBXProject section */
		29B97313FDCFA39411CA2CEA /* Project object */ = {
			isa = PBXProject;
			attributes = {
				LastUpgradeCheck = 0460;
			};
			buildConfigurationList = C01FCF4E08A954540054247B /* Build configuration list for PBXProject "babygame" */;
			compatibilityVersion = "Xcode 3.2";
			developmentRegion = English;
			hasScannedForEncodings = 1;
			knownRegions = (
				English,
				Japanese,
				French,
				German,
				en,
				es,
				de,
				se,
			);
			mainGroup = 29B97314FDCFA39411CA2CEA /* CustomTemplate */;
			projectDirPath = "";
			projectReferences = (
				{
					ProductGroup = 301BF52E109A57CC0062928A /* Products */;
					ProjectRef = 301BF52D109A57CC0062928A /* CordovaLib.xcodeproj */;
				},
			);
			projectRoot = "";
			targets = (
				1D6058900D05DD3D006BFB54 /* babygame */,
			);
		};
/* End PBXProject section */

/* Begin PBXReferenceProxy section */
		301BF535109A57CC0062928A /* libCordova.a */ = {
			isa = PBXReferenceProxy;
			fileType = archive.ar;
			path = libCordova.a;
			remoteRef = 301BF534109A57CC0062928A /* PBXContainerItemProxy */;
			sourceTree = BUILT_PRODUCTS_DIR;
		};
/* End PBXReferenceProxy section */

/* Begin PBXResourcesBuildPhase section */
		1D60588D0D05DD3D006BFB54 /* Resources */ = {
			isa = PBXResourcesBuildPhase;
			buildActionMask = 2147483647;
			files = (
				F840E1F1165FE0F500CFE078 /* config.xml in Resources */,
				308D05371370CCF300D202BF /* icon-72.png in Resources */,
				308D05381370CCF300D202BF /* icon.png in Resources */,
				308D05391370CCF300D202BF /* icon@2x.png in Resources */,
				3072F99713A8081B00425683 /* Capture.bundle in Resources */,
				1F766FE113BBADB100FB74C0 /* Localizable.strings in Resources */,
				1F766FE213BBADB100FB74C0 /* Localizable.strings in Resources */,
				302D95F214D2391D003F00A1 /* MainViewController.xib in Resources */,
				30A0434814DC770100060A13 /* Localizable.strings in Resources */,
				30A0434914DC770100060A13 /* Localizable.strings in Resources */,
				3088BBBD154F3926009F9C59 /* Default-Landscape@2x~ipad.png in Resources */,
				3088BBBE154F3926009F9C59 /* Default-Landscape~ipad.png in Resources */,
				3088BBBF154F3926009F9C59 /* Default-Portrait@2x~ipad.png in Resources */,
				3088BBC0154F3926009F9C59 /* Default-Portrait~ipad.png in Resources */,
				3088BBC1154F3926009F9C59 /* Default@2x~iphone.png in Resources */,
				3088BBC2154F3926009F9C59 /* Default~iphone.png in Resources */,
				D4A0D8761607E02300AEF8BB /* Default-568h@2x~iphone.png in Resources */,
				30FC414916E50CA1004E6F35 /* icon-72@2x.png in Resources */,
				B0A068671759B2CE006AF42F /* index.css in Resources */,
				B0A068681759B2CE006AF42F /* 1.jpg in Resources */,
				B0A068691759B2CE006AF42F /* 1a.png in Resources */,
				B0A0686A1759B2CE006AF42F /* 1b.png in Resources */,
				B0A0686B1759B2CE006AF42F /* 1c.png in Resources */,
				B0A0686C1759B2CE006AF42F /* 1d.png in Resources */,
				B0A068711759B2CE006AF42F /* button.png in Resources */,
				B0A068741759B2CE006AF42F /* tiger bg.png in Resources */,
				B0A068751759B2CE006AF42F /* tiger image.png in Resources */,
				B0A068761759B2CE006AF42F /* index.html in Resources */,
				B0A068791759B2CE006AF42F /* home.txt in Resources */,
				B0A068831759B2CE006AF42F /* screen1.txt in Resources */,
				B0A068841759B2CE006AF42F /* screen2.txt in Resources */,
				B0A068851759B2CE006AF42F /* screen3.txt in Resources */,
				B0A068861759B2CE006AF42F /* screen4.txt in Resources */,
				B0A068871759B2CE006AF42F /* screen5.txt in Resources */,
				B0A068881759B2CE006AF42F /* screen6.txt in Resources */,
				B0A068891759B2CE006AF42F /* screen7.txt in Resources */,
				B0A0688F1759B2CE006AF42F /* icon-57-2x.png in Resources */,
				B0A068901759B2CE006AF42F /* icon-57.png in Resources */,
				B0A068911759B2CE006AF42F /* icon-72-2x.png in Resources */,
				B0A068921759B2CE006AF42F /* icon-72.png in Resources */,
				B0A068931759B2CE006AF42F /* screen-ipad-landscape-2x.png in Resources */,
				B0A068941759B2CE006AF42F /* screen-ipad-landscape.png in Resources */,
				B0A068951759B2CE006AF42F /* screen-ipad-portrait-2x.png in Resources */,
				B0A068961759B2CE006AF42F /* screen-ipad-portrait.png in Resources */,
				B0A068971759B2CE006AF42F /* screen-iphone-landscape-2x.png in Resources */,
				B0A068981759B2CE006AF42F /* screen-iphone-landscape.png in Resources */,
				B0A068991759B2CE006AF42F /* screen-iphone-portrait-2x.png in Resources */,
				B0A0689A1759B2CE006AF42F /* screen-iphone-portrait.png in Resources */,
				B0A0689E1759B2CE006AF42F /* jasmine.css in Resources */,
				B0A068A01759B2CE006AF42F /* MIT.LICENSE in Resources */,
				B0A068A11759B2CE006AF42F /* spec.html in Resources */,
				B0A068A71759B4FC006AF42F /* logo.png in Resources */,
				B0A068F41759C426006AF42F /* 1-airplain.png in Resources */,
				B0A068F51759C426006AF42F /* 1-arrow-left-brown.png in Resources */,
				B0A068F61759C426006AF42F /* 1-arrow-left-cyan.png in Resources */,
				B0A068F71759C426006AF42F /* 1-arrow-left-light.png in Resources */,
				B0A068F81759C426006AF42F /* 1-arrow-right-brown.png in Resources */,
				B0A068F91759C426006AF42F /* 1-arrow-right-cyan.png in Resources */,
				B0A068FA1759C426006AF42F /* 1-arrow-right-light.png in Resources */,
				B0A068FB1759C426006AF42F /* 1-background.png in Resources */,
				B0A068FC1759C426006AF42F /* 1-balon.png in Resources */,
				B0A068FD1759C426006AF42F /* 1-cloud.png in Resources */,
				B0A068FE1759C426006AF42F /* 1-memory.png in Resources */,
				B0A068FF1759C426006AF42F /* 1-mute.png in Resources */,
				B0A069001759C426006AF42F /* 1-mutes.png in Resources */,
				B0A069011759C426006AF42F /* 1-painting.png in Resources */,
				B0A069021759C426006AF42F /* 1-purchase.png in Resources */,
				B0A069031759C426006AF42F /* 1-puzzle.png in Resources */,
				B0A069041759C426006AF42F /* 1-sounds.png in Resources */,
				B0A069051759C426006AF42F /* 1-sun.png in Resources */,
				B0A069061759C426006AF42F /* áâöÖãâç-34.png in Resources */,
				B0A069071759C426006AF42F /* áâöÖãâç-35.png in Resources */,
				B0A069081759C426006AF42F /* éëãâç åÄîåâóñâÑ-05.png in Resources */,
				B0A069091759C426006AF42F /* 2-background.png in Resources */,
				B0A0690A1759C426006AF42F /* 2-card.png in Resources */,
				B0A0690B1759C426006AF42F /* 2-cloud-1.png in Resources */,
				B0A0690C1759C426006AF42F /* 2-cloud-2.png in Resources */,
				B0A0690D1759C426006AF42F /* 2-moon.png in Resources */,
				B0A0690E1759C426006AF42F /* áâöÖãâç-38.png in Resources */,
				B0A0690F1759C426006AF42F /* áâöÖãâç-39.png in Resources */,
				B0A069101759C426006AF42F /* áâöÖãâç-40.png in Resources */,
				B0A069111759C426006AF42F /* áâöÖãâç-41.png in Resources */,
				B0A069121759C426006AF42F /* éëãâç åÄîåâóñâÑ-03.png in Resources */,
				B0A069131759C426006AF42F /* 3-background.png in Resources */,
				B0A069141759C426006AF42F /* 3-tree-1.png in Resources */,
				B0A069151759C426006AF42F /* 3-tree-2.png in Resources */,
				B0A069161759C426006AF42F /* éëãâç åÄîåâóñâÑ-01.png in Resources */,
				B0A069171759C426006AF42F /* 4-background.png in Resources */,
				B0A069181759C426006AF42F /* 4-cissors.png in Resources */,
				B0A069191759C426006AF42F /* 4-clips.png in Resources */,
				B0A0691A1759C426006AF42F /* 4-eraser.png in Resources */,
				B0A0691B1759C426006AF42F /* 4-pen-1.png in Resources */,
				B0A0691C1759C426006AF42F /* 4-pen-2.png in Resources */,
				B0A0691D1759C426006AF42F /* 4-pen-3.png in Resources */,
				B0A0691E1759C426006AF42F /* 4-sizer.png in Resources */,
				B0A0691F1759C426006AF42F /* áâöÖãâç-20.png in Resources */,
				B0A069201759C426006AF42F /* éëãâç åÄîåâóñâÑ-04.png in Resources */,
				B0A069211759C426006AF42F /* 5-background.png in Resources */,
				B0A069221759C426006AF42F /* 5-black.png in Resources */,
				B0A069231759C426006AF42F /* 5-blue.png in Resources */,
				B0A069241759C426006AF42F /* 5-flach-blue.png in Resources */,
				B0A069251759C426006AF42F /* 5-flach-cyan.png in Resources */,
				B0A069261759C426006AF42F /* 5-flach-green-2.png in Resources */,
				B0A069271759C426006AF42F /* 5-flach-green.png in Resources */,
				B0A069281759C426006AF42F /* 5-flach-orange.png in Resources */,
				B0A069291759C426006AF42F /* 5-flach-red.png in Resources */,
				B0A0692A1759C426006AF42F /* 5-green.png in Resources */,
				B0A0692B1759C426006AF42F /* 5-pink.png in Resources */,
				B0A0692C1759C426006AF42F /* 5-purple.png in Resources */,
				B0A0692D1759C426006AF42F /* 5-red.png in Resources */,
				B0A0692E1759C426006AF42F /* 5-white.png in Resources */,
				B0A0692F1759C426006AF42F /* 5-yellow.png in Resources */,
				B0A069301759C426006AF42F /* éëãâç åÄîåâóñâÑ-02.png in Resources */,
				B0A069331759C426006AF42F /* éëãâç åÄîåâóñâÑ-08.png in Resources */,
				B0A069341759C426006AF42F /* purchase-background.png in Resources */,
				B0A069351759C426006AF42F /* purchase-button.png in Resources */,
				B0A069361759C426006AF42F /* purchase-image.png in Resources */,
			);
			runOnlyForDeploymentPostprocessing = 0;
		};
/* End PBXResourcesBuildPhase section */

/* Begin PBXShellScriptBuildPhase section */
		304B58A110DAC018002A0835 /* Copy www directory */ = {
			isa = PBXShellScriptBuildPhase;
			buildActionMask = 2147483647;
			files = (
			);
			inputPaths = (
			);
			name = "Copy www directory";
			outputPaths = (
			);
			runOnlyForDeploymentPostprocessing = 0;
			shellPath = /bin/sh;
			shellScript = "SRC_DIR=\"www\"\nDST_DIR=\"$BUILT_PRODUCTS_DIR/$FULL_PRODUCT_NAME/www\"\nCOPY_HIDDEN=\nORIG_IFS=$IFS\nIFS=$(echo -en \"\\n\\b\")\n\nif [[ ! -e \"$SRC_DIR\" ]]; then\n  echo \"Path does not exist: $SRC_DIR\"\n  exit 1\nfi\n\nif [[ -n $COPY_HIDDEN ]]; then\n  alias do_find='find \"$SRC_DIR\"'\nelse\n  alias do_find='find \"$SRC_DIR\" -name \".*\" -prune -o'\nfi\n\ntime (\n# Code signing files must be removed or else there are\n# resource signing errors.\nrm -rf \"$DST_DIR\" \\\n       \"$BUILT_PRODUCTS_DIR/$FULL_PRODUCT_NAME/_CodeSignature\" \\\n       \"$BUILT_PRODUCTS_DIR/$FULL_PRODUCT_NAME/PkgInfo\" \\\n       \"$BUILT_PRODUCTS_DIR/$FULL_PRODUCT_NAME/embedded.mobileprovision\"\n\n# Directories\nfor p in $(do_find -type d -print); do\n  subpath=\"${p#$SRC_DIR}\"\n  mkdir \"$DST_DIR$subpath\" || exit 1\ndone\n\n# Symlinks\nfor p in $(do_find -type l -print); do\n  subpath=\"${p#$SRC_DIR}\"\n  rsync -a \"$SRC_DIR$subpath\" \"$DST_DIR$subpath\" || exit 2\ndone\n\n# Files\nfor p in $(do_find -type f -print); do\n  subpath=\"${p#$SRC_DIR}\"\n  if ! ln \"$SRC_DIR$subpath\" \"$DST_DIR$subpath\" 2>/dev/null; then\n    rsync -a \"$SRC_DIR$subpath\" \"$DST_DIR$subpath\" || exit 3\n  fi\ndone\n\n)\nIFS=$ORIG_IFS";
		};
/* End PBXShellScriptBuildPhase section */

/* Begin PBXSourcesBuildPhase section */
		1D60588E0D05DD3D006BFB54 /* Sources */ = {
			isa = PBXSourcesBuildPhase;
			buildActionMask = 2147483647;
			files = (
				1D60589B0D05DD56006BFB54 /* main.m in Sources */,
				1D3623260D0F684500981E51 /* AppDelegate.m in Sources */,
				302D95F114D2391D003F00A1 /* MainViewController.m in Sources */,
				B0A068661759B2CE006AF42F /* cordova-2.6.0.js in Sources */,
				B0A068771759B2CE006AF42F /* config.js in Sources */,
				B0A068781759B2CE006AF42F /* hammer.js in Sources */,
				B0A0687A1759B2CE006AF42F /* index.js in Sources */,
				B0A0687B1759B2CE006AF42F /* jquery-ui.min.js in Sources */,
				B0A0687C1759B2CE006AF42F /* jquery.min.js in Sources */,
				B0A0687D1759B2CE006AF42F /* jquery.transit.js in Sources */,
				B0A0687E1759B2CE006AF42F /* less-1.3.0.min.js in Sources */,
				B0A0687F1759B2CE006AF42F /* memory.js in Sources */,
				B0A068801759B2CE006AF42F /* page.js in Sources */,
				B0A068811759B2CE006AF42F /* paiting.js in Sources */,
				B0A068821759B2CE006AF42F /* puzzle.js in Sources */,
				B0A0688A1759B2CE006AF42F /* sound.js in Sources */,
				B0A0688C1759B2CE006AF42F /* touchpunch.js in Sources */,
				B0A0688D1759B2CE006AF42F /* touchpunch.min.js in Sources */,
				B0A0688E1759B2CE006AF42F /* underscore.js in Sources */,
				B0A0689B1759B2CE006AF42F /* helper.js in Sources */,
				B0A0689C1759B2CE006AF42F /* index.js in Sources */,
				B0A0689D1759B2CE006AF42F /* jasmine-html.js in Sources */,
				B0A0689F1759B2CE006AF42F /* jasmine.js in Sources */,
			);
			runOnlyForDeploymentPostprocessing = 0;
		};
/* End PBXSourcesBuildPhase section */

/* Begin PBXTargetDependency section */
		301BF551109A68C00062928A /* PBXTargetDependency */ = {
			isa = PBXTargetDependency;
			name = CordovaLib;
			targetProxy = 301BF550109A68C00062928A /* PBXContainerItemProxy */;
		};
/* End PBXTargetDependency section */

/* Begin PBXVariantGroup section */
		1F766FDC13BBADB100FB74C0 /* Localizable.strings */ = {
			isa = PBXVariantGroup;
			children = (
				1F766FDD13BBADB100FB74C0 /* en */,
			);
			name = Localizable.strings;
			sourceTree = "<group>";
		};
		1F766FDF13BBADB100FB74C0 /* Localizable.strings */ = {
			isa = PBXVariantGroup;
			children = (
				1F766FE013BBADB100FB74C0 /* es */,
			);
			name = Localizable.strings;
			sourceTree = "<group>";
		};
		30A0434314DC770100060A13 /* Localizable.strings */ = {
			isa = PBXVariantGroup;
			children = (
				30A0434414DC770100060A13 /* de */,
			);
			name = Localizable.strings;
			sourceTree = "<group>";
		};
		30A0434614DC770100060A13 /* Localizable.strings */ = {
			isa = PBXVariantGroup;
			children = (
				30A0434714DC770100060A13 /* se */,
			);
			name = Localizable.strings;
			sourceTree = "<group>";
		};
/* End PBXVariantGroup section */

/* Begin XCBuildConfiguration section */
		1D6058940D05DD3E006BFB54 /* Debug */ = {
			isa = XCBuildConfiguration;
			buildSettings = {
				ALWAYS_SEARCH_USER_PATHS = NO;
				CLANG_ENABLE_OBJC_ARC = NO;
				COPY_PHASE_STRIP = NO;
				GCC_DYNAMIC_NO_PIC = NO;
				GCC_OPTIMIZATION_LEVEL = 0;
				GCC_PRECOMPILE_PREFIX_HEADER = YES;
				GCC_PREFIX_HEADER = "babygame/babygame-Prefix.pch";
				GCC_THUMB_SUPPORT = NO;
				GCC_VERSION = com.apple.compilers.llvm.clang.1_0;
				INFOPLIST_FILE = "babygame/babygame-Info.plist";
				IPHONEOS_DEPLOYMENT_TARGET = 5.0;
				PRODUCT_NAME = babygame;
				TARGETED_DEVICE_FAMILY = 2;
			};
			name = Debug;
		};
		1D6058950D05DD3E006BFB54 /* Release */ = {
			isa = XCBuildConfiguration;
			buildSettings = {
				ALWAYS_SEARCH_USER_PATHS = NO;
				CLANG_ENABLE_OBJC_ARC = NO;
				COPY_PHASE_STRIP = YES;
				GCC_PRECOMPILE_PREFIX_HEADER = YES;
				GCC_PREFIX_HEADER = "babygame/babygame-Prefix.pch";
				GCC_THUMB_SUPPORT = NO;
				GCC_VERSION = com.apple.compilers.llvm.clang.1_0;
				INFOPLIST_FILE = "babygame/babygame-Info.plist";
				IPHONEOS_DEPLOYMENT_TARGET = 5.0;
				PRODUCT_NAME = babygame;
				TARGETED_DEVICE_FAMILY = 2;
			};
			name = Release;
		};
		C01FCF4F08A954540054247B /* Debug */ = {
			isa = XCBuildConfiguration;
			buildSettings = {
				ARCHS = "$(ARCHS_STANDARD_32_BIT)";
				CLANG_WARN_CONSTANT_CONVERSION = YES;
				CLANG_WARN_ENUM_CONVERSION = YES;
				CLANG_WARN_INT_CONVERSION = YES;
				CLANG_WARN__DUPLICATE_METHOD_MATCH = YES;
				CODE_SIGN_IDENTITY = "iPhone Developer: Roi Ganor (2KWG3XC5EK)";
				"CODE_SIGN_IDENTITY[sdk=iphoneos*]" = "iPhone Developer: Roi Ganor (2KWG3XC5EK)";
				GCC_C_LANGUAGE_STANDARD = c99;
				GCC_THUMB_SUPPORT = NO;
				GCC_VERSION = com.apple.compilers.llvm.clang.1_0;
				GCC_WARN_ABOUT_RETURN_TYPE = YES;
				GCC_WARN_UNINITIALIZED_AUTOS = YES;
				GCC_WARN_UNUSED_VARIABLE = YES;
				HEADER_SEARCH_PATHS = (
					"\"$(TARGET_BUILD_DIR)/usr/local/lib/include\"",
					"\"$(OBJROOT)/UninstalledProducts/include\"",
					"\"$(BUILT_PRODUCTS_DIR)\"",
				);
				IPHONEOS_DEPLOYMENT_TARGET = 5.0;
				OTHER_LDFLAGS = (
					"-weak_framework",
					CoreFoundation,
					"-weak_framework",
					UIKit,
					"-weak_framework",
					AVFoundation,
					"-weak_framework",
					CoreMedia,
					"-weak-lSystem",
					"-all_load",
					"-Obj-C",
				);
				PROVISIONING_PROFILE = "267542B7-C7A4-41DB-8D88-558C4C07E1F5";
				"PROVISIONING_PROFILE[sdk=iphoneos*]" = "267542B7-C7A4-41DB-8D88-558C4C07E1F5";
				SDKROOT = iphoneos;
				SKIP_INSTALL = NO;
				USER_HEADER_SEARCH_PATHS = "";
			};
			name = Debug;
		};
		C01FCF5008A954540054247B /* Release */ = {
			isa = XCBuildConfiguration;
			buildSettings = {
				ARCHS = "$(ARCHS_STANDARD_32_BIT)";
				CLANG_WARN_CONSTANT_CONVERSION = YES;
				CLANG_WARN_ENUM_CONVERSION = YES;
				CLANG_WARN_INT_CONVERSION = YES;
				CLANG_WARN__DUPLICATE_METHOD_MATCH = YES;
				CODE_SIGN_IDENTITY = "iPhone Developer: Roi Ganor (2KWG3XC5EK)";
				"CODE_SIGN_IDENTITY[sdk=iphoneos*]" = "iPhone Developer: Roi Ganor (2KWG3XC5EK)";
				GCC_C_LANGUAGE_STANDARD = c99;
				GCC_THUMB_SUPPORT = NO;
				GCC_VERSION = com.apple.compilers.llvm.clang.1_0;
				GCC_WARN_ABOUT_RETURN_TYPE = YES;
				GCC_WARN_UNINITIALIZED_AUTOS = YES;
				GCC_WARN_UNUSED_VARIABLE = YES;
				HEADER_SEARCH_PATHS = (
					"\"$(TARGET_BUILD_DIR)/usr/local/lib/include\"",
					"\"$(OBJROOT)/UninstalledProducts/include\"",
					"\"$(BUILT_PRODUCTS_DIR)\"",
				);
				IPHONEOS_DEPLOYMENT_TARGET = 5.0;
				OTHER_LDFLAGS = (
					"-weak_framework",
					CoreFoundation,
					"-weak_framework",
					UIKit,
					"-weak_framework",
					AVFoundation,
					"-weak_framework",
					CoreMedia,
					"-weak-lSystem",
					"-all_load",
					"-Obj-C",
				);
				PROVISIONING_PROFILE = "267542B7-C7A4-41DB-8D88-558C4C07E1F5";
				"PROVISIONING_PROFILE[sdk=iphoneos*]" = "24ADC96C-6A33-4BEA-8A4A-EBA1ECC96AC7";
				SDKROOT = iphoneos;
				SKIP_INSTALL = NO;
				USER_HEADER_SEARCH_PATHS = "";
			};
			name = Release;
		};
/* End XCBuildConfiguration section */

/* Begin XCConfigurationList section */
		1D6058960D05DD3E006BFB54 /* Build configuration list for PBXNativeTarget "babygame" */ = {
			isa = XCConfigurationList;
			buildConfigurations = (
				1D6058940D05DD3E006BFB54 /* Debug */,
				1D6058950D05DD3E006BFB54 /* Release */,
			);
			defaultConfigurationIsVisible = 0;
			defaultConfigurationName = Release;
		};
		C01FCF4E08A954540054247B /* Build configuration list for PBXProject "babygame" */ = {
			isa = XCConfigurationList;
			buildConfigurations = (
				C01FCF4F08A954540054247B /* Debug */,
				C01FCF5008A954540054247B /* Release */,
			);
			defaultConfigurationIsVisible = 0;
			defaultConfigurationName = Release;
		};
/* End XCConfigurationList section */
	};
	rootObject = 29B97313FDCFA39411CA2CEA /* Project object */;
}
